<?xml version="1.0" encoding="UTF-8"?>
<Project ToolsVersion="15.0" xmlns="http://schemas.microsoft.com/developer/msbuild/2003">
  <ItemGroup>
    <ClCompile Include="E:\Repositories\ZLMediaKit\ext-codec\SPSParser.c">
      <Filter>Source Files</Filter>
    </ClCompile>
    <ClCompile Include="E:\Repositories\ZLMediaKit\ext-codec\AAC.cpp">
      <Filter>Source Files</Filter>
    </ClCompile>
    <ClCompile Include="E:\Repositories\ZLMediaKit\ext-codec\AACRtmp.cpp">
      <Filter>Source Files</Filter>
    </ClCompile>
    <ClCompile Include="E:\Repositories\ZLMediaKit\ext-codec\AACRtp.cpp">
      <Filter>Source Files</Filter>
    </ClCompile>
    <ClCompile Include="E:\Repositories\ZLMediaKit\ext-codec\G711.cpp">
      <Filter>Source Files</Filter>
    </ClCompile>
    <ClCompile Include="E:\Repositories\ZLMediaKit\ext-codec\G711Rtp.cpp">
      <Filter>Source Files</Filter>
    </ClCompile>
    <ClCompile Include="E:\Repositories\ZLMediaKit\ext-codec\H264.cpp">
      <Filter>Source Files</Filter>
    </ClCompile>
    <ClCompile Include="E:\Repositories\ZLMediaKit\ext-codec\H264Rtmp.cpp">
      <Filter>Source Files</Filter>
    </ClCompile>
    <ClCompile Include="E:\Repositories\ZLMediaKit\ext-codec\H264Rtp.cpp">
      <Filter>Source Files</Filter>
    </ClCompile>
    <ClCompile Include="E:\Repositories\ZLMediaKit\ext-codec\H265.cpp">
      <Filter>Source Files</Filter>
    </ClCompile>
    <ClCompile Include="E:\Repositories\ZLMediaKit\ext-codec\H265Rtmp.cpp">
      <Filter>Source Files</Filter>
    </ClCompile>
    <ClCompile Include="E:\Repositories\ZLMediaKit\ext-codec\H265Rtp.cpp">
      <Filter>Source Files</Filter>
    </ClCompile>
    <ClCompile Include="E:\Repositories\ZLMediaKit\ext-codec\JPEG.cpp">
      <Filter>Source Files</Filter>
    </ClCompile>
    <ClCompile Include="E:\Repositories\ZLMediaKit\ext-codec\JPEGRtp.cpp">
      <Filter>Source Files</Filter>
    </ClCompile>
    <ClCompile Include="E:\Repositories\ZLMediaKit\ext-codec\L16.cpp">
      <Filter>Source Files</Filter>
    </ClCompile>
    <ClCompile Include="E:\Repositories\ZLMediaKit\ext-codec\MP3.cpp">
      <Filter>Source Files</Filter>
    </ClCompile>
    <ClCompile Include="E:\Repositories\ZLMediaKit\ext-codec\MP3Rtp.cpp">
      <Filter>Source Files</Filter>
    </ClCompile>
    <ClCompile Include="E:\Repositories\ZLMediaKit\ext-codec\Opus.cpp">
      <Filter>Source Files</Filter>
    </ClCompile>
  </ItemGroup>
  <ItemGroup>
    <ClInclude Include="E:\Repositories\ZLMediaKit\ext-codec\AAC.h">
      <Filter>Header Files</Filter>
    </ClInclude>
    <ClInclude Include="E:\Repositories\ZLMediaKit\ext-codec\AACRtmp.h">
      <Filter>Header Files</Filter>
    </ClInclude>
    <ClInclude Include="E:\Repositories\ZLMediaKit\ext-codec\AACRtp.h">
      <Filter>Header Files</Filter>
    </ClInclude>
    <ClInclude Include="E:\Repositories\ZLMediaKit\ext-codec\G711.h">
      <Filter>Header Files</Filter>
    </ClInclude>
    <ClInclude Include="E:\Repositories\ZLMediaKit\ext-codec\G711Rtp.h">
      <Filter>Header Files</Filter>
    </ClInclude>
    <ClInclude Include="E:\Repositories\ZLMediaKit\ext-codec\H264.h">
      <Filter>Header Files</Filter>
    </ClInclude>
    <ClInclude Include="E:\Repositories\ZLMediaKit\ext-codec\H264Rtmp.h">
      <Filter>Header Files</Filter>
    </ClInclude>
    <ClInclude Include="E:\Repositories\ZLMediaKit\ext-codec\H264Rtp.h">
      <Filter>Header Files</Filter>
    </ClInclude>
    <ClInclude Include="E:\Repositories\ZLMediaKit\ext-codec\H265.h">
      <Filter>Header Files</Filter>
    </ClInclude>
    <ClInclude Include="E:\Repositories\ZLMediaKit\ext-codec\H265Rtmp.h">
      <Filter>Header Files</Filter>
    </ClInclude>
    <ClInclude Include="E:\Repositories\ZLMediaKit\ext-codec\H265Rtp.h">
      <Filter>Header Files</Filter>
    </ClInclude>
    <ClInclude Include="E:\Repositories\ZLMediaKit\ext-codec\JPEG.h">
      <Filter>Header Files</Filter>
    </ClInclude>
    <ClInclude Include="E:\Repositories\ZLMediaKit\ext-codec\JPEGRtp.h">
      <Filter>Header Files</Filter>
    </ClInclude>
    <ClInclude Include="E:\Repositories\ZLMediaKit\ext-codec\L16.h">
      <Filter>Header Files</Filter>
    </ClInclude>
    <ClInclude Include="E:\Repositories\ZLMediaKit\ext-codec\MP3.h">
      <Filter>Header Files</Filter>
    </ClInclude>
    <ClInclude Include="E:\Repositories\ZLMediaKit\ext-codec\MP3Rtp.h">
      <Filter>Header Files</Filter>
    </ClInclude>
    <ClInclude Include="E:\Repositories\ZLMediaKit\ext-codec\Opus.h">
      <Filter>Header Files</Filter>
    </ClInclude>
    <ClInclude Include="E:\Repositories\ZLMediaKit\ext-codec\SPSParser.h">
      <Filter>Header Files</Filter>
    </ClInclude>
  </ItemGroup>
  <ItemGroup>
    <CustomBuild Include="E:\Repositories\ZLMediaKit\ext-codec\CMakeLists.txt" />
  </ItemGroup>
  <ItemGroup>
    <Filter Include="Source Files">
      <UniqueIdentifier>{1D746E27-6487-3E6A-955D-70B1B6B40850}</UniqueIdentifier>
    </Filter>
    <Filter Include="Header Files">
      <UniqueIdentifier>{A7F8B558-FEFB-3D9E-A47C-4345669BCF90}</UniqueIdentifier>
    </Filter>
  </ItemGroup>
</Project>
