Microsoft Visual Studio Solution File, Format Version 12.00
# Visual Studio 15
Project("{2150E333-8FDC-42A3-9474-1A3956D46DE8}") = "CMakeTargets", "CMakeTargets", "{CE068784-2923-3445-811C-6A8D1BC7F056}"
EndProject
Project("{2150E333-8FDC-42A3-9474-1A3956D46DE8}") = "api_test", "api_test", "{071CF685-5069-3704-84E1-8BF6DDE68914}"
EndProject
Project("{2150E333-8FDC-42A3-9474-1A3956D46DE8}") = "test", "test", "{5C939BA4-F70F-3A6A-A124-A74106924A73}"
EndProject
Project("{8BC9CEB8-8B4A-11D0-8D11-00A0C91BC942}") = "ALL_BUILD", "ALL_BUILD.vcxproj", "{B544F2AB-687B-3C16-A912-88C1822EF67F}"
	ProjectSection(ProjectDependencies) = postProject
		{C55CF9FA-BC2D-384E-A51F-F041A647798C} = {C55CF9FA-BC2D-384E-A51F-F041A647798C}
		{1AD584E5-2FEB-3574-B15A-3614975CC34D} = {1AD584E5-2FEB-3574-B15A-3614975CC34D}
		{389104F9-2406-33D3-8880-89C0E17B99E4} = {389104F9-2406-33D3-8880-89C0E17B99E4}
		{F3648190-A118-32C5-85D0-CB893332D33F} = {F3648190-A118-32C5-85D0-CB893332D33F}
		{4BBBAB1E-822B-395E-8717-75BAE194EC97} = {4BBBAB1E-822B-395E-8717-75BAE194EC97}
		{06AE9462-FD74-3BD3-B83B-C0B0E630506D} = {06AE9462-FD74-3BD3-B83B-C0B0E630506D}
		{0D76E6C6-AB32-3A92-815A-F3685D90727C} = {0D76E6C6-AB32-3A92-815A-F3685D90727C}
		{4A110A94-E47D-39C7-AD84-0EB0F7AE3C0C} = {4A110A94-E47D-39C7-AD84-0EB0F7AE3C0C}
		{BE1E9A4E-C281-305C-BCB1-ADDC8DD3C4E7} = {BE1E9A4E-C281-305C-BCB1-ADDC8DD3C4E7}
		{A81D883C-00BE-31ED-8EAC-04C5A5D1E0C3} = {A81D883C-00BE-31ED-8EAC-04C5A5D1E0C3}
		{EA961B54-98EF-37C4-8F71-BD8705C67943} = {EA961B54-98EF-37C4-8F71-BD8705C67943}
		{2E6EEFE2-9E5E-3AA2-AAB2-511DDBDFCBB4} = {2E6EEFE2-9E5E-3AA2-AAB2-511DDBDFCBB4}
		{554A4F39-410D-3956-B3CD-7D11DAC5F1FB} = {554A4F39-410D-3956-B3CD-7D11DAC5F1FB}
		{5407488B-9B11-33B6-8EE0-81CBBB90A7E5} = {5407488B-9B11-33B6-8EE0-81CBBB90A7E5}
		{332EF860-F175-3F1D-A680-D6BE719F8DF6} = {332EF860-F175-3F1D-A680-D6BE719F8DF6}
		{62E47EA3-3999-3756-BE07-700CCA2DF462} = {62E47EA3-3999-3756-BE07-700CCA2DF462}
		{77BD17C4-C561-3FB6-832A-4F6B2CE4BBE8} = {77BD17C4-C561-3FB6-832A-4F6B2CE4BBE8}
		{75170F58-76D2-3FA2-AA92-530EA5CF3E65} = {75170F58-76D2-3FA2-AA92-530EA5CF3E65}
		{AFBA42B4-CCB2-3276-98C8-EDE4E5179319} = {AFBA42B4-CCB2-3276-98C8-EDE4E5179319}
		{B48FF4CC-8248-3F11-A5C8-435C0AD5A7DD} = {B48FF4CC-8248-3F11-A5C8-435C0AD5A7DD}
		{D952E611-3FF3-3A57-B2DE-CEAEF408531E} = {D952E611-3FF3-3A57-B2DE-CEAEF408531E}
		{BF2F3E7C-FB9C-3223-A066-479D3D22FE7F} = {BF2F3E7C-FB9C-3223-A066-479D3D22FE7F}
		{8D39F643-CDAB-3D30-BC86-658A25B04BB4} = {8D39F643-CDAB-3D30-BC86-658A25B04BB4}
		{9DA6697F-D8D6-30B4-8F37-0DCA81892331} = {9DA6697F-D8D6-30B4-8F37-0DCA81892331}
		{C50DB50A-BF23-3164-9DC9-73B4DB946443} = {C50DB50A-BF23-3164-9DC9-73B4DB946443}
		{2F184E34-FBC8-35B0-951F-7FADB663FF3E} = {2F184E34-FBC8-35B0-951F-7FADB663FF3E}
		{BCC28AE5-B7BF-3F69-ACC0-44BF3860AAEE} = {BCC28AE5-B7BF-3F69-ACC0-44BF3860AAEE}
		{43C245EC-2391-3B37-8B6B-B98A6462D22A} = {43C245EC-2391-3B37-8B6B-B98A6462D22A}
		{35DCECE8-D2F7-345B-A862-0B82D8847B3D} = {35DCECE8-D2F7-345B-A862-0B82D8847B3D}
		{5A976E45-5EEC-3994-A63E-84160E358D42} = {5A976E45-5EEC-3994-A63E-84160E358D42}
		{77275F4E-2A53-3255-A752-69EC29483979} = {77275F4E-2A53-3255-A752-69EC29483979}
		{63FDA668-E17B-3DDA-95B2-5EDD57105E48} = {63FDA668-E17B-3DDA-95B2-5EDD57105E48}
		{12EEF420-63E7-3261-91B7-3AB70F59D0F4} = {12EEF420-63E7-3261-91B7-3AB70F59D0F4}
		{645D966D-9D89-3C45-9868-CA245B17A090} = {645D966D-9D89-3C45-9868-CA245B17A090}
	EndProjectSection
EndProject
Project("{8BC9CEB8-8B4A-11D0-8D11-00A0C91BC942}") = "INSTALL", "INSTALL.vcxproj", "{2747FE95-6189-366C-93E9-FF120275929D}"
	ProjectSection(ProjectDependencies) = postProject
		{B544F2AB-687B-3C16-A912-88C1822EF67F} = {B544F2AB-687B-3C16-A912-88C1822EF67F}
		{1AD584E5-2FEB-3574-B15A-3614975CC34D} = {1AD584E5-2FEB-3574-B15A-3614975CC34D}
	EndProjectSection
EndProject
Project("{8BC9CEB8-8B4A-11D0-8D11-00A0C91BC942}") = "MediaServer", "server\MediaServer.vcxproj", "{C55CF9FA-BC2D-384E-A51F-F041A647798C}"
	ProjectSection(ProjectDependencies) = postProject
		{1AD584E5-2FEB-3574-B15A-3614975CC34D} = {1AD584E5-2FEB-3574-B15A-3614975CC34D}
		{A81D883C-00BE-31ED-8EAC-04C5A5D1E0C3} = {A81D883C-00BE-31ED-8EAC-04C5A5D1E0C3}
		{EA961B54-98EF-37C4-8F71-BD8705C67943} = {EA961B54-98EF-37C4-8F71-BD8705C67943}
		{2E6EEFE2-9E5E-3AA2-AAB2-511DDBDFCBB4} = {2E6EEFE2-9E5E-3AA2-AAB2-511DDBDFCBB4}
		{5407488B-9B11-33B6-8EE0-81CBBB90A7E5} = {5407488B-9B11-33B6-8EE0-81CBBB90A7E5}
		{332EF860-F175-3F1D-A680-D6BE719F8DF6} = {332EF860-F175-3F1D-A680-D6BE719F8DF6}
		{62E47EA3-3999-3756-BE07-700CCA2DF462} = {62E47EA3-3999-3756-BE07-700CCA2DF462}
		{12EEF420-63E7-3261-91B7-3AB70F59D0F4} = {12EEF420-63E7-3261-91B7-3AB70F59D0F4}
		{645D966D-9D89-3C45-9868-CA245B17A090} = {645D966D-9D89-3C45-9868-CA245B17A090}
	EndProjectSection
EndProject
Project("{8BC9CEB8-8B4A-11D0-8D11-00A0C91BC942}") = "ZERO_CHECK", "ZERO_CHECK.vcxproj", "{1AD584E5-2FEB-3574-B15A-3614975CC34D}"
	ProjectSection(ProjectDependencies) = postProject
	EndProjectSection
EndProject
Project("{8BC9CEB8-8B4A-11D0-8D11-00A0C91BC942}") = "api_tester_h264_media_server", "api\tests\api_tester_h264_media_server.vcxproj", "{389104F9-2406-33D3-8880-89C0E17B99E4}"
	ProjectSection(ProjectDependencies) = postProject
		{1AD584E5-2FEB-3574-B15A-3614975CC34D} = {1AD584E5-2FEB-3574-B15A-3614975CC34D}
		{A81D883C-00BE-31ED-8EAC-04C5A5D1E0C3} = {A81D883C-00BE-31ED-8EAC-04C5A5D1E0C3}
		{EA961B54-98EF-37C4-8F71-BD8705C67943} = {EA961B54-98EF-37C4-8F71-BD8705C67943}
		{2E6EEFE2-9E5E-3AA2-AAB2-511DDBDFCBB4} = {2E6EEFE2-9E5E-3AA2-AAB2-511DDBDFCBB4}
		{554A4F39-410D-3956-B3CD-7D11DAC5F1FB} = {554A4F39-410D-3956-B3CD-7D11DAC5F1FB}
		{5407488B-9B11-33B6-8EE0-81CBBB90A7E5} = {5407488B-9B11-33B6-8EE0-81CBBB90A7E5}
		{332EF860-F175-3F1D-A680-D6BE719F8DF6} = {332EF860-F175-3F1D-A680-D6BE719F8DF6}
		{62E47EA3-3999-3756-BE07-700CCA2DF462} = {62E47EA3-3999-3756-BE07-700CCA2DF462}
		{12EEF420-63E7-3261-91B7-3AB70F59D0F4} = {12EEF420-63E7-3261-91B7-3AB70F59D0F4}
		{645D966D-9D89-3C45-9868-CA245B17A090} = {645D966D-9D89-3C45-9868-CA245B17A090}
	EndProjectSection
EndProject
Project("{8BC9CEB8-8B4A-11D0-8D11-00A0C91BC942}") = "api_tester_h264_pusher", "api\tests\api_tester_h264_pusher.vcxproj", "{F3648190-A118-32C5-85D0-CB893332D33F}"
	ProjectSection(ProjectDependencies) = postProject
		{1AD584E5-2FEB-3574-B15A-3614975CC34D} = {1AD584E5-2FEB-3574-B15A-3614975CC34D}
		{A81D883C-00BE-31ED-8EAC-04C5A5D1E0C3} = {A81D883C-00BE-31ED-8EAC-04C5A5D1E0C3}
		{EA961B54-98EF-37C4-8F71-BD8705C67943} = {EA961B54-98EF-37C4-8F71-BD8705C67943}
		{2E6EEFE2-9E5E-3AA2-AAB2-511DDBDFCBB4} = {2E6EEFE2-9E5E-3AA2-AAB2-511DDBDFCBB4}
		{554A4F39-410D-3956-B3CD-7D11DAC5F1FB} = {554A4F39-410D-3956-B3CD-7D11DAC5F1FB}
		{5407488B-9B11-33B6-8EE0-81CBBB90A7E5} = {5407488B-9B11-33B6-8EE0-81CBBB90A7E5}
		{332EF860-F175-3F1D-A680-D6BE719F8DF6} = {332EF860-F175-3F1D-A680-D6BE719F8DF6}
		{62E47EA3-3999-3756-BE07-700CCA2DF462} = {62E47EA3-3999-3756-BE07-700CCA2DF462}
		{12EEF420-63E7-3261-91B7-3AB70F59D0F4} = {12EEF420-63E7-3261-91B7-3AB70F59D0F4}
		{645D966D-9D89-3C45-9868-CA245B17A090} = {645D966D-9D89-3C45-9868-CA245B17A090}
	EndProjectSection
EndProject
Project("{8BC9CEB8-8B4A-11D0-8D11-00A0C91BC942}") = "api_tester_httpclient", "api\tests\api_tester_httpclient.vcxproj", "{4BBBAB1E-822B-395E-8717-75BAE194EC97}"
	ProjectSection(ProjectDependencies) = postProject
		{1AD584E5-2FEB-3574-B15A-3614975CC34D} = {1AD584E5-2FEB-3574-B15A-3614975CC34D}
		{A81D883C-00BE-31ED-8EAC-04C5A5D1E0C3} = {A81D883C-00BE-31ED-8EAC-04C5A5D1E0C3}
		{EA961B54-98EF-37C4-8F71-BD8705C67943} = {EA961B54-98EF-37C4-8F71-BD8705C67943}
		{2E6EEFE2-9E5E-3AA2-AAB2-511DDBDFCBB4} = {2E6EEFE2-9E5E-3AA2-AAB2-511DDBDFCBB4}
		{554A4F39-410D-3956-B3CD-7D11DAC5F1FB} = {554A4F39-410D-3956-B3CD-7D11DAC5F1FB}
		{5407488B-9B11-33B6-8EE0-81CBBB90A7E5} = {5407488B-9B11-33B6-8EE0-81CBBB90A7E5}
		{332EF860-F175-3F1D-A680-D6BE719F8DF6} = {332EF860-F175-3F1D-A680-D6BE719F8DF6}
		{62E47EA3-3999-3756-BE07-700CCA2DF462} = {62E47EA3-3999-3756-BE07-700CCA2DF462}
		{12EEF420-63E7-3261-91B7-3AB70F59D0F4} = {12EEF420-63E7-3261-91B7-3AB70F59D0F4}
		{645D966D-9D89-3C45-9868-CA245B17A090} = {645D966D-9D89-3C45-9868-CA245B17A090}
	EndProjectSection
EndProject
Project("{8BC9CEB8-8B4A-11D0-8D11-00A0C91BC942}") = "api_tester_pusher", "api\tests\api_tester_pusher.vcxproj", "{06AE9462-FD74-3BD3-B83B-C0B0E630506D}"
	ProjectSection(ProjectDependencies) = postProject
		{1AD584E5-2FEB-3574-B15A-3614975CC34D} = {1AD584E5-2FEB-3574-B15A-3614975CC34D}
		{A81D883C-00BE-31ED-8EAC-04C5A5D1E0C3} = {A81D883C-00BE-31ED-8EAC-04C5A5D1E0C3}
		{EA961B54-98EF-37C4-8F71-BD8705C67943} = {EA961B54-98EF-37C4-8F71-BD8705C67943}
		{2E6EEFE2-9E5E-3AA2-AAB2-511DDBDFCBB4} = {2E6EEFE2-9E5E-3AA2-AAB2-511DDBDFCBB4}
		{554A4F39-410D-3956-B3CD-7D11DAC5F1FB} = {554A4F39-410D-3956-B3CD-7D11DAC5F1FB}
		{5407488B-9B11-33B6-8EE0-81CBBB90A7E5} = {5407488B-9B11-33B6-8EE0-81CBBB90A7E5}
		{332EF860-F175-3F1D-A680-D6BE719F8DF6} = {332EF860-F175-3F1D-A680-D6BE719F8DF6}
		{62E47EA3-3999-3756-BE07-700CCA2DF462} = {62E47EA3-3999-3756-BE07-700CCA2DF462}
		{12EEF420-63E7-3261-91B7-3AB70F59D0F4} = {12EEF420-63E7-3261-91B7-3AB70F59D0F4}
		{645D966D-9D89-3C45-9868-CA245B17A090} = {645D966D-9D89-3C45-9868-CA245B17A090}
	EndProjectSection
EndProject
Project("{8BC9CEB8-8B4A-11D0-8D11-00A0C91BC942}") = "api_tester_server", "api\tests\api_tester_server.vcxproj", "{0D76E6C6-AB32-3A92-815A-F3685D90727C}"
	ProjectSection(ProjectDependencies) = postProject
		{1AD584E5-2FEB-3574-B15A-3614975CC34D} = {1AD584E5-2FEB-3574-B15A-3614975CC34D}
		{A81D883C-00BE-31ED-8EAC-04C5A5D1E0C3} = {A81D883C-00BE-31ED-8EAC-04C5A5D1E0C3}
		{EA961B54-98EF-37C4-8F71-BD8705C67943} = {EA961B54-98EF-37C4-8F71-BD8705C67943}
		{2E6EEFE2-9E5E-3AA2-AAB2-511DDBDFCBB4} = {2E6EEFE2-9E5E-3AA2-AAB2-511DDBDFCBB4}
		{554A4F39-410D-3956-B3CD-7D11DAC5F1FB} = {554A4F39-410D-3956-B3CD-7D11DAC5F1FB}
		{5407488B-9B11-33B6-8EE0-81CBBB90A7E5} = {5407488B-9B11-33B6-8EE0-81CBBB90A7E5}
		{332EF860-F175-3F1D-A680-D6BE719F8DF6} = {332EF860-F175-3F1D-A680-D6BE719F8DF6}
		{62E47EA3-3999-3756-BE07-700CCA2DF462} = {62E47EA3-3999-3756-BE07-700CCA2DF462}
		{12EEF420-63E7-3261-91B7-3AB70F59D0F4} = {12EEF420-63E7-3261-91B7-3AB70F59D0F4}
		{645D966D-9D89-3C45-9868-CA245B17A090} = {645D966D-9D89-3C45-9868-CA245B17A090}
	EndProjectSection
EndProject
Project("{8BC9CEB8-8B4A-11D0-8D11-00A0C91BC942}") = "api_tester_websocket", "api\tests\api_tester_websocket.vcxproj", "{4A110A94-E47D-39C7-AD84-0EB0F7AE3C0C}"
	ProjectSection(ProjectDependencies) = postProject
		{1AD584E5-2FEB-3574-B15A-3614975CC34D} = {1AD584E5-2FEB-3574-B15A-3614975CC34D}
		{A81D883C-00BE-31ED-8EAC-04C5A5D1E0C3} = {A81D883C-00BE-31ED-8EAC-04C5A5D1E0C3}
		{EA961B54-98EF-37C4-8F71-BD8705C67943} = {EA961B54-98EF-37C4-8F71-BD8705C67943}
		{2E6EEFE2-9E5E-3AA2-AAB2-511DDBDFCBB4} = {2E6EEFE2-9E5E-3AA2-AAB2-511DDBDFCBB4}
		{554A4F39-410D-3956-B3CD-7D11DAC5F1FB} = {554A4F39-410D-3956-B3CD-7D11DAC5F1FB}
		{5407488B-9B11-33B6-8EE0-81CBBB90A7E5} = {5407488B-9B11-33B6-8EE0-81CBBB90A7E5}
		{332EF860-F175-3F1D-A680-D6BE719F8DF6} = {332EF860-F175-3F1D-A680-D6BE719F8DF6}
		{62E47EA3-3999-3756-BE07-700CCA2DF462} = {62E47EA3-3999-3756-BE07-700CCA2DF462}
		{12EEF420-63E7-3261-91B7-3AB70F59D0F4} = {12EEF420-63E7-3261-91B7-3AB70F59D0F4}
		{645D966D-9D89-3C45-9868-CA245B17A090} = {645D966D-9D89-3C45-9868-CA245B17A090}
	EndProjectSection
EndProject
Project("{8BC9CEB8-8B4A-11D0-8D11-00A0C91BC942}") = "bom", "tests\bom.vcxproj", "{BE1E9A4E-C281-305C-BCB1-ADDC8DD3C4E7}"
	ProjectSection(ProjectDependencies) = postProject
		{1AD584E5-2FEB-3574-B15A-3614975CC34D} = {1AD584E5-2FEB-3574-B15A-3614975CC34D}
		{A81D883C-00BE-31ED-8EAC-04C5A5D1E0C3} = {A81D883C-00BE-31ED-8EAC-04C5A5D1E0C3}
		{EA961B54-98EF-37C4-8F71-BD8705C67943} = {EA961B54-98EF-37C4-8F71-BD8705C67943}
		{2E6EEFE2-9E5E-3AA2-AAB2-511DDBDFCBB4} = {2E6EEFE2-9E5E-3AA2-AAB2-511DDBDFCBB4}
		{5407488B-9B11-33B6-8EE0-81CBBB90A7E5} = {5407488B-9B11-33B6-8EE0-81CBBB90A7E5}
		{332EF860-F175-3F1D-A680-D6BE719F8DF6} = {332EF860-F175-3F1D-A680-D6BE719F8DF6}
		{62E47EA3-3999-3756-BE07-700CCA2DF462} = {62E47EA3-3999-3756-BE07-700CCA2DF462}
		{12EEF420-63E7-3261-91B7-3AB70F59D0F4} = {12EEF420-63E7-3261-91B7-3AB70F59D0F4}
		{645D966D-9D89-3C45-9868-CA245B17A090} = {645D966D-9D89-3C45-9868-CA245B17A090}
	EndProjectSection
EndProject
Project("{8BC9CEB8-8B4A-11D0-8D11-00A0C91BC942}") = "ext-codec", "ext-codec\ext-codec.vcxproj", "{A81D883C-00BE-31ED-8EAC-04C5A5D1E0C3}"
	ProjectSection(ProjectDependencies) = postProject
		{1AD584E5-2FEB-3574-B15A-3614975CC34D} = {1AD584E5-2FEB-3574-B15A-3614975CC34D}
		{EA961B54-98EF-37C4-8F71-BD8705C67943} = {EA961B54-98EF-37C4-8F71-BD8705C67943}
		{2E6EEFE2-9E5E-3AA2-AAB2-511DDBDFCBB4} = {2E6EEFE2-9E5E-3AA2-AAB2-511DDBDFCBB4}
		{5407488B-9B11-33B6-8EE0-81CBBB90A7E5} = {5407488B-9B11-33B6-8EE0-81CBBB90A7E5}
		{332EF860-F175-3F1D-A680-D6BE719F8DF6} = {332EF860-F175-3F1D-A680-D6BE719F8DF6}
		{12EEF420-63E7-3261-91B7-3AB70F59D0F4} = {12EEF420-63E7-3261-91B7-3AB70F59D0F4}
		{645D966D-9D89-3C45-9868-CA245B17A090} = {645D966D-9D89-3C45-9868-CA245B17A090}
	EndProjectSection
EndProject
Project("{8BC9CEB8-8B4A-11D0-8D11-00A0C91BC942}") = "flv", "3rdpart\flv.vcxproj", "{EA961B54-98EF-37C4-8F71-BD8705C67943}"
	ProjectSection(ProjectDependencies) = postProject
		{1AD584E5-2FEB-3574-B15A-3614975CC34D} = {1AD584E5-2FEB-3574-B15A-3614975CC34D}
	EndProjectSection
EndProject
Project("{8BC9CEB8-8B4A-11D0-8D11-00A0C91BC942}") = "jsoncpp", "3rdpart\jsoncpp.vcxproj", "{2E6EEFE2-9E5E-3AA2-AAB2-511DDBDFCBB4}"
	ProjectSection(ProjectDependencies) = postProject
		{1AD584E5-2FEB-3574-B15A-3614975CC34D} = {1AD584E5-2FEB-3574-B15A-3614975CC34D}
	EndProjectSection
EndProject
Project("{8BC9CEB8-8B4A-11D0-8D11-00A0C91BC942}") = "mk_api", "api\mk_api.vcxproj", "{554A4F39-410D-3956-B3CD-7D11DAC5F1FB}"
	ProjectSection(ProjectDependencies) = postProject
		{1AD584E5-2FEB-3574-B15A-3614975CC34D} = {1AD584E5-2FEB-3574-B15A-3614975CC34D}
		{A81D883C-00BE-31ED-8EAC-04C5A5D1E0C3} = {A81D883C-00BE-31ED-8EAC-04C5A5D1E0C3}
		{EA961B54-98EF-37C4-8F71-BD8705C67943} = {EA961B54-98EF-37C4-8F71-BD8705C67943}
		{2E6EEFE2-9E5E-3AA2-AAB2-511DDBDFCBB4} = {2E6EEFE2-9E5E-3AA2-AAB2-511DDBDFCBB4}
		{5407488B-9B11-33B6-8EE0-81CBBB90A7E5} = {5407488B-9B11-33B6-8EE0-81CBBB90A7E5}
		{332EF860-F175-3F1D-A680-D6BE719F8DF6} = {332EF860-F175-3F1D-A680-D6BE719F8DF6}
		{62E47EA3-3999-3756-BE07-700CCA2DF462} = {62E47EA3-3999-3756-BE07-700CCA2DF462}
		{12EEF420-63E7-3261-91B7-3AB70F59D0F4} = {12EEF420-63E7-3261-91B7-3AB70F59D0F4}
		{645D966D-9D89-3C45-9868-CA245B17A090} = {645D966D-9D89-3C45-9868-CA245B17A090}
	EndProjectSection
EndProject
Project("{8BC9CEB8-8B4A-11D0-8D11-00A0C91BC942}") = "mov", "3rdpart\mov.vcxproj", "{5407488B-9B11-33B6-8EE0-81CBBB90A7E5}"
	ProjectSection(ProjectDependencies) = postProject
		{1AD584E5-2FEB-3574-B15A-3614975CC34D} = {1AD584E5-2FEB-3574-B15A-3614975CC34D}
	EndProjectSection
EndProject
Project("{8BC9CEB8-8B4A-11D0-8D11-00A0C91BC942}") = "mpeg", "3rdpart\mpeg.vcxproj", "{332EF860-F175-3F1D-A680-D6BE719F8DF6}"
	ProjectSection(ProjectDependencies) = postProject
		{1AD584E5-2FEB-3574-B15A-3614975CC34D} = {1AD584E5-2FEB-3574-B15A-3614975CC34D}
	EndProjectSection
EndProject
Project("{8BC9CEB8-8B4A-11D0-8D11-00A0C91BC942}") = "srt", "srt\srt.vcxproj", "{62E47EA3-3999-3756-BE07-700CCA2DF462}"
	ProjectSection(ProjectDependencies) = postProject
		{1AD584E5-2FEB-3574-B15A-3614975CC34D} = {1AD584E5-2FEB-3574-B15A-3614975CC34D}
		{EA961B54-98EF-37C4-8F71-BD8705C67943} = {EA961B54-98EF-37C4-8F71-BD8705C67943}
		{2E6EEFE2-9E5E-3AA2-AAB2-511DDBDFCBB4} = {2E6EEFE2-9E5E-3AA2-AAB2-511DDBDFCBB4}
		{5407488B-9B11-33B6-8EE0-81CBBB90A7E5} = {5407488B-9B11-33B6-8EE0-81CBBB90A7E5}
		{332EF860-F175-3F1D-A680-D6BE719F8DF6} = {332EF860-F175-3F1D-A680-D6BE719F8DF6}
		{12EEF420-63E7-3261-91B7-3AB70F59D0F4} = {12EEF420-63E7-3261-91B7-3AB70F59D0F4}
		{645D966D-9D89-3C45-9868-CA245B17A090} = {645D966D-9D89-3C45-9868-CA245B17A090}
	EndProjectSection
EndProject
Project("{8BC9CEB8-8B4A-11D0-8D11-00A0C91BC942}") = "tab", "tests\tab.vcxproj", "{77BD17C4-C561-3FB6-832A-4F6B2CE4BBE8}"
	ProjectSection(ProjectDependencies) = postProject
		{1AD584E5-2FEB-3574-B15A-3614975CC34D} = {1AD584E5-2FEB-3574-B15A-3614975CC34D}
		{A81D883C-00BE-31ED-8EAC-04C5A5D1E0C3} = {A81D883C-00BE-31ED-8EAC-04C5A5D1E0C3}
		{EA961B54-98EF-37C4-8F71-BD8705C67943} = {EA961B54-98EF-37C4-8F71-BD8705C67943}
		{2E6EEFE2-9E5E-3AA2-AAB2-511DDBDFCBB4} = {2E6EEFE2-9E5E-3AA2-AAB2-511DDBDFCBB4}
		{5407488B-9B11-33B6-8EE0-81CBBB90A7E5} = {5407488B-9B11-33B6-8EE0-81CBBB90A7E5}
		{332EF860-F175-3F1D-A680-D6BE719F8DF6} = {332EF860-F175-3F1D-A680-D6BE719F8DF6}
		{62E47EA3-3999-3756-BE07-700CCA2DF462} = {62E47EA3-3999-3756-BE07-700CCA2DF462}
		{12EEF420-63E7-3261-91B7-3AB70F59D0F4} = {12EEF420-63E7-3261-91B7-3AB70F59D0F4}
		{645D966D-9D89-3C45-9868-CA245B17A090} = {645D966D-9D89-3C45-9868-CA245B17A090}
	EndProjectSection
EndProject
Project("{8BC9CEB8-8B4A-11D0-8D11-00A0C91BC942}") = "test_bench_forward", "tests\test_bench_forward.vcxproj", "{75170F58-76D2-3FA2-AA92-530EA5CF3E65}"
	ProjectSection(ProjectDependencies) = postProject
		{1AD584E5-2FEB-3574-B15A-3614975CC34D} = {1AD584E5-2FEB-3574-B15A-3614975CC34D}
		{A81D883C-00BE-31ED-8EAC-04C5A5D1E0C3} = {A81D883C-00BE-31ED-8EAC-04C5A5D1E0C3}
		{EA961B54-98EF-37C4-8F71-BD8705C67943} = {EA961B54-98EF-37C4-8F71-BD8705C67943}
		{2E6EEFE2-9E5E-3AA2-AAB2-511DDBDFCBB4} = {2E6EEFE2-9E5E-3AA2-AAB2-511DDBDFCBB4}
		{5407488B-9B11-33B6-8EE0-81CBBB90A7E5} = {5407488B-9B11-33B6-8EE0-81CBBB90A7E5}
		{332EF860-F175-3F1D-A680-D6BE719F8DF6} = {332EF860-F175-3F1D-A680-D6BE719F8DF6}
		{62E47EA3-3999-3756-BE07-700CCA2DF462} = {62E47EA3-3999-3756-BE07-700CCA2DF462}
		{12EEF420-63E7-3261-91B7-3AB70F59D0F4} = {12EEF420-63E7-3261-91B7-3AB70F59D0F4}
		{645D966D-9D89-3C45-9868-CA245B17A090} = {645D966D-9D89-3C45-9868-CA245B17A090}
	EndProjectSection
EndProject
Project("{8BC9CEB8-8B4A-11D0-8D11-00A0C91BC942}") = "test_bench_proxy", "tests\test_bench_proxy.vcxproj", "{AFBA42B4-CCB2-3276-98C8-EDE4E5179319}"
	ProjectSection(ProjectDependencies) = postProject
		{1AD584E5-2FEB-3574-B15A-3614975CC34D} = {1AD584E5-2FEB-3574-B15A-3614975CC34D}
		{A81D883C-00BE-31ED-8EAC-04C5A5D1E0C3} = {A81D883C-00BE-31ED-8EAC-04C5A5D1E0C3}
		{EA961B54-98EF-37C4-8F71-BD8705C67943} = {EA961B54-98EF-37C4-8F71-BD8705C67943}
		{2E6EEFE2-9E5E-3AA2-AAB2-511DDBDFCBB4} = {2E6EEFE2-9E5E-3AA2-AAB2-511DDBDFCBB4}
		{5407488B-9B11-33B6-8EE0-81CBBB90A7E5} = {5407488B-9B11-33B6-8EE0-81CBBB90A7E5}
		{332EF860-F175-3F1D-A680-D6BE719F8DF6} = {332EF860-F175-3F1D-A680-D6BE719F8DF6}
		{62E47EA3-3999-3756-BE07-700CCA2DF462} = {62E47EA3-3999-3756-BE07-700CCA2DF462}
		{12EEF420-63E7-3261-91B7-3AB70F59D0F4} = {12EEF420-63E7-3261-91B7-3AB70F59D0F4}
		{645D966D-9D89-3C45-9868-CA245B17A090} = {645D966D-9D89-3C45-9868-CA245B17A090}
	EndProjectSection
EndProject
Project("{8BC9CEB8-8B4A-11D0-8D11-00A0C91BC942}") = "test_bench_pull", "tests\test_bench_pull.vcxproj", "{B48FF4CC-8248-3F11-A5C8-435C0AD5A7DD}"
	ProjectSection(ProjectDependencies) = postProject
		{1AD584E5-2FEB-3574-B15A-3614975CC34D} = {1AD584E5-2FEB-3574-B15A-3614975CC34D}
		{A81D883C-00BE-31ED-8EAC-04C5A5D1E0C3} = {A81D883C-00BE-31ED-8EAC-04C5A5D1E0C3}
		{EA961B54-98EF-37C4-8F71-BD8705C67943} = {EA961B54-98EF-37C4-8F71-BD8705C67943}
		{2E6EEFE2-9E5E-3AA2-AAB2-511DDBDFCBB4} = {2E6EEFE2-9E5E-3AA2-AAB2-511DDBDFCBB4}
		{5407488B-9B11-33B6-8EE0-81CBBB90A7E5} = {5407488B-9B11-33B6-8EE0-81CBBB90A7E5}
		{332EF860-F175-3F1D-A680-D6BE719F8DF6} = {332EF860-F175-3F1D-A680-D6BE719F8DF6}
		{62E47EA3-3999-3756-BE07-700CCA2DF462} = {62E47EA3-3999-3756-BE07-700CCA2DF462}
		{12EEF420-63E7-3261-91B7-3AB70F59D0F4} = {12EEF420-63E7-3261-91B7-3AB70F59D0F4}
		{645D966D-9D89-3C45-9868-CA245B17A090} = {645D966D-9D89-3C45-9868-CA245B17A090}
	EndProjectSection
EndProject
Project("{8BC9CEB8-8B4A-11D0-8D11-00A0C91BC942}") = "test_bench_push", "tests\test_bench_push.vcxproj", "{D952E611-3FF3-3A57-B2DE-CEAEF408531E}"
	ProjectSection(ProjectDependencies) = postProject
		{1AD584E5-2FEB-3574-B15A-3614975CC34D} = {1AD584E5-2FEB-3574-B15A-3614975CC34D}
		{A81D883C-00BE-31ED-8EAC-04C5A5D1E0C3} = {A81D883C-00BE-31ED-8EAC-04C5A5D1E0C3}
		{EA961B54-98EF-37C4-8F71-BD8705C67943} = {EA961B54-98EF-37C4-8F71-BD8705C67943}
		{2E6EEFE2-9E5E-3AA2-AAB2-511DDBDFCBB4} = {2E6EEFE2-9E5E-3AA2-AAB2-511DDBDFCBB4}
		{5407488B-9B11-33B6-8EE0-81CBBB90A7E5} = {5407488B-9B11-33B6-8EE0-81CBBB90A7E5}
		{332EF860-F175-3F1D-A680-D6BE719F8DF6} = {332EF860-F175-3F1D-A680-D6BE719F8DF6}
		{62E47EA3-3999-3756-BE07-700CCA2DF462} = {62E47EA3-3999-3756-BE07-700CCA2DF462}
		{12EEF420-63E7-3261-91B7-3AB70F59D0F4} = {12EEF420-63E7-3261-91B7-3AB70F59D0F4}
		{645D966D-9D89-3C45-9868-CA245B17A090} = {645D966D-9D89-3C45-9868-CA245B17A090}
	EndProjectSection
EndProject
Project("{8BC9CEB8-8B4A-11D0-8D11-00A0C91BC942}") = "test_flv", "tests\test_flv.vcxproj", "{BF2F3E7C-FB9C-3223-A066-479D3D22FE7F}"
	ProjectSection(ProjectDependencies) = postProject
		{1AD584E5-2FEB-3574-B15A-3614975CC34D} = {1AD584E5-2FEB-3574-B15A-3614975CC34D}
		{A81D883C-00BE-31ED-8EAC-04C5A5D1E0C3} = {A81D883C-00BE-31ED-8EAC-04C5A5D1E0C3}
		{EA961B54-98EF-37C4-8F71-BD8705C67943} = {EA961B54-98EF-37C4-8F71-BD8705C67943}
		{2E6EEFE2-9E5E-3AA2-AAB2-511DDBDFCBB4} = {2E6EEFE2-9E5E-3AA2-AAB2-511DDBDFCBB4}
		{5407488B-9B11-33B6-8EE0-81CBBB90A7E5} = {5407488B-9B11-33B6-8EE0-81CBBB90A7E5}
		{332EF860-F175-3F1D-A680-D6BE719F8DF6} = {332EF860-F175-3F1D-A680-D6BE719F8DF6}
		{62E47EA3-3999-3756-BE07-700CCA2DF462} = {62E47EA3-3999-3756-BE07-700CCA2DF462}
		{12EEF420-63E7-3261-91B7-3AB70F59D0F4} = {12EEF420-63E7-3261-91B7-3AB70F59D0F4}
		{645D966D-9D89-3C45-9868-CA245B17A090} = {645D966D-9D89-3C45-9868-CA245B17A090}
	EndProjectSection
EndProject
Project("{8BC9CEB8-8B4A-11D0-8D11-00A0C91BC942}") = "test_httpApi", "tests\test_httpApi.vcxproj", "{8D39F643-CDAB-3D30-BC86-658A25B04BB4}"
	ProjectSection(ProjectDependencies) = postProject
		{1AD584E5-2FEB-3574-B15A-3614975CC34D} = {1AD584E5-2FEB-3574-B15A-3614975CC34D}
		{A81D883C-00BE-31ED-8EAC-04C5A5D1E0C3} = {A81D883C-00BE-31ED-8EAC-04C5A5D1E0C3}
		{EA961B54-98EF-37C4-8F71-BD8705C67943} = {EA961B54-98EF-37C4-8F71-BD8705C67943}
		{2E6EEFE2-9E5E-3AA2-AAB2-511DDBDFCBB4} = {2E6EEFE2-9E5E-3AA2-AAB2-511DDBDFCBB4}
		{5407488B-9B11-33B6-8EE0-81CBBB90A7E5} = {5407488B-9B11-33B6-8EE0-81CBBB90A7E5}
		{332EF860-F175-3F1D-A680-D6BE719F8DF6} = {332EF860-F175-3F1D-A680-D6BE719F8DF6}
		{62E47EA3-3999-3756-BE07-700CCA2DF462} = {62E47EA3-3999-3756-BE07-700CCA2DF462}
		{12EEF420-63E7-3261-91B7-3AB70F59D0F4} = {12EEF420-63E7-3261-91B7-3AB70F59D0F4}
		{645D966D-9D89-3C45-9868-CA245B17A090} = {645D966D-9D89-3C45-9868-CA245B17A090}
	EndProjectSection
EndProject
Project("{8BC9CEB8-8B4A-11D0-8D11-00A0C91BC942}") = "test_httpClient", "tests\test_httpClient.vcxproj", "{9DA6697F-D8D6-30B4-8F37-0DCA81892331}"
	ProjectSection(ProjectDependencies) = postProject
		{1AD584E5-2FEB-3574-B15A-3614975CC34D} = {1AD584E5-2FEB-3574-B15A-3614975CC34D}
		{A81D883C-00BE-31ED-8EAC-04C5A5D1E0C3} = {A81D883C-00BE-31ED-8EAC-04C5A5D1E0C3}
		{EA961B54-98EF-37C4-8F71-BD8705C67943} = {EA961B54-98EF-37C4-8F71-BD8705C67943}
		{2E6EEFE2-9E5E-3AA2-AAB2-511DDBDFCBB4} = {2E6EEFE2-9E5E-3AA2-AAB2-511DDBDFCBB4}
		{5407488B-9B11-33B6-8EE0-81CBBB90A7E5} = {5407488B-9B11-33B6-8EE0-81CBBB90A7E5}
		{332EF860-F175-3F1D-A680-D6BE719F8DF6} = {332EF860-F175-3F1D-A680-D6BE719F8DF6}
		{62E47EA3-3999-3756-BE07-700CCA2DF462} = {62E47EA3-3999-3756-BE07-700CCA2DF462}
		{12EEF420-63E7-3261-91B7-3AB70F59D0F4} = {12EEF420-63E7-3261-91B7-3AB70F59D0F4}
		{645D966D-9D89-3C45-9868-CA245B17A090} = {645D966D-9D89-3C45-9868-CA245B17A090}
	EndProjectSection
EndProject
Project("{8BC9CEB8-8B4A-11D0-8D11-00A0C91BC942}") = "test_ps", "tests\test_ps.vcxproj", "{C50DB50A-BF23-3164-9DC9-73B4DB946443}"
	ProjectSection(ProjectDependencies) = postProject
		{1AD584E5-2FEB-3574-B15A-3614975CC34D} = {1AD584E5-2FEB-3574-B15A-3614975CC34D}
		{A81D883C-00BE-31ED-8EAC-04C5A5D1E0C3} = {A81D883C-00BE-31ED-8EAC-04C5A5D1E0C3}
		{EA961B54-98EF-37C4-8F71-BD8705C67943} = {EA961B54-98EF-37C4-8F71-BD8705C67943}
		{2E6EEFE2-9E5E-3AA2-AAB2-511DDBDFCBB4} = {2E6EEFE2-9E5E-3AA2-AAB2-511DDBDFCBB4}
		{5407488B-9B11-33B6-8EE0-81CBBB90A7E5} = {5407488B-9B11-33B6-8EE0-81CBBB90A7E5}
		{332EF860-F175-3F1D-A680-D6BE719F8DF6} = {332EF860-F175-3F1D-A680-D6BE719F8DF6}
		{62E47EA3-3999-3756-BE07-700CCA2DF462} = {62E47EA3-3999-3756-BE07-700CCA2DF462}
		{12EEF420-63E7-3261-91B7-3AB70F59D0F4} = {12EEF420-63E7-3261-91B7-3AB70F59D0F4}
		{645D966D-9D89-3C45-9868-CA245B17A090} = {645D966D-9D89-3C45-9868-CA245B17A090}
	EndProjectSection
EndProject
Project("{8BC9CEB8-8B4A-11D0-8D11-00A0C91BC942}") = "test_pusher", "tests\test_pusher.vcxproj", "{2F184E34-FBC8-35B0-951F-7FADB663FF3E}"
	ProjectSection(ProjectDependencies) = postProject
		{1AD584E5-2FEB-3574-B15A-3614975CC34D} = {1AD584E5-2FEB-3574-B15A-3614975CC34D}
		{A81D883C-00BE-31ED-8EAC-04C5A5D1E0C3} = {A81D883C-00BE-31ED-8EAC-04C5A5D1E0C3}
		{EA961B54-98EF-37C4-8F71-BD8705C67943} = {EA961B54-98EF-37C4-8F71-BD8705C67943}
		{2E6EEFE2-9E5E-3AA2-AAB2-511DDBDFCBB4} = {2E6EEFE2-9E5E-3AA2-AAB2-511DDBDFCBB4}
		{5407488B-9B11-33B6-8EE0-81CBBB90A7E5} = {5407488B-9B11-33B6-8EE0-81CBBB90A7E5}
		{332EF860-F175-3F1D-A680-D6BE719F8DF6} = {332EF860-F175-3F1D-A680-D6BE719F8DF6}
		{62E47EA3-3999-3756-BE07-700CCA2DF462} = {62E47EA3-3999-3756-BE07-700CCA2DF462}
		{12EEF420-63E7-3261-91B7-3AB70F59D0F4} = {12EEF420-63E7-3261-91B7-3AB70F59D0F4}
		{645D966D-9D89-3C45-9868-CA245B17A090} = {645D966D-9D89-3C45-9868-CA245B17A090}
	EndProjectSection
EndProject
Project("{8BC9CEB8-8B4A-11D0-8D11-00A0C91BC942}") = "test_pusherMp4", "tests\test_pusherMp4.vcxproj", "{BCC28AE5-B7BF-3F69-ACC0-44BF3860AAEE}"
	ProjectSection(ProjectDependencies) = postProject
		{1AD584E5-2FEB-3574-B15A-3614975CC34D} = {1AD584E5-2FEB-3574-B15A-3614975CC34D}
		{A81D883C-00BE-31ED-8EAC-04C5A5D1E0C3} = {A81D883C-00BE-31ED-8EAC-04C5A5D1E0C3}
		{EA961B54-98EF-37C4-8F71-BD8705C67943} = {EA961B54-98EF-37C4-8F71-BD8705C67943}
		{2E6EEFE2-9E5E-3AA2-AAB2-511DDBDFCBB4} = {2E6EEFE2-9E5E-3AA2-AAB2-511DDBDFCBB4}
		{5407488B-9B11-33B6-8EE0-81CBBB90A7E5} = {5407488B-9B11-33B6-8EE0-81CBBB90A7E5}
		{332EF860-F175-3F1D-A680-D6BE719F8DF6} = {332EF860-F175-3F1D-A680-D6BE719F8DF6}
		{62E47EA3-3999-3756-BE07-700CCA2DF462} = {62E47EA3-3999-3756-BE07-700CCA2DF462}
		{12EEF420-63E7-3261-91B7-3AB70F59D0F4} = {12EEF420-63E7-3261-91B7-3AB70F59D0F4}
		{645D966D-9D89-3C45-9868-CA245B17A090} = {645D966D-9D89-3C45-9868-CA245B17A090}
	EndProjectSection
EndProject
Project("{8BC9CEB8-8B4A-11D0-8D11-00A0C91BC942}") = "test_rtp", "tests\test_rtp.vcxproj", "{43C245EC-2391-3B37-8B6B-B98A6462D22A}"
	ProjectSection(ProjectDependencies) = postProject
		{1AD584E5-2FEB-3574-B15A-3614975CC34D} = {1AD584E5-2FEB-3574-B15A-3614975CC34D}
		{A81D883C-00BE-31ED-8EAC-04C5A5D1E0C3} = {A81D883C-00BE-31ED-8EAC-04C5A5D1E0C3}
		{EA961B54-98EF-37C4-8F71-BD8705C67943} = {EA961B54-98EF-37C4-8F71-BD8705C67943}
		{2E6EEFE2-9E5E-3AA2-AAB2-511DDBDFCBB4} = {2E6EEFE2-9E5E-3AA2-AAB2-511DDBDFCBB4}
		{5407488B-9B11-33B6-8EE0-81CBBB90A7E5} = {5407488B-9B11-33B6-8EE0-81CBBB90A7E5}
		{332EF860-F175-3F1D-A680-D6BE719F8DF6} = {332EF860-F175-3F1D-A680-D6BE719F8DF6}
		{62E47EA3-3999-3756-BE07-700CCA2DF462} = {62E47EA3-3999-3756-BE07-700CCA2DF462}
		{12EEF420-63E7-3261-91B7-3AB70F59D0F4} = {12EEF420-63E7-3261-91B7-3AB70F59D0F4}
		{645D966D-9D89-3C45-9868-CA245B17A090} = {645D966D-9D89-3C45-9868-CA245B17A090}
	EndProjectSection
EndProject
Project("{8BC9CEB8-8B4A-11D0-8D11-00A0C91BC942}") = "test_server", "tests\test_server.vcxproj", "{35DCECE8-D2F7-345B-A862-0B82D8847B3D}"
	ProjectSection(ProjectDependencies) = postProject
		{1AD584E5-2FEB-3574-B15A-3614975CC34D} = {1AD584E5-2FEB-3574-B15A-3614975CC34D}
		{A81D883C-00BE-31ED-8EAC-04C5A5D1E0C3} = {A81D883C-00BE-31ED-8EAC-04C5A5D1E0C3}
		{EA961B54-98EF-37C4-8F71-BD8705C67943} = {EA961B54-98EF-37C4-8F71-BD8705C67943}
		{2E6EEFE2-9E5E-3AA2-AAB2-511DDBDFCBB4} = {2E6EEFE2-9E5E-3AA2-AAB2-511DDBDFCBB4}
		{5407488B-9B11-33B6-8EE0-81CBBB90A7E5} = {5407488B-9B11-33B6-8EE0-81CBBB90A7E5}
		{332EF860-F175-3F1D-A680-D6BE719F8DF6} = {332EF860-F175-3F1D-A680-D6BE719F8DF6}
		{62E47EA3-3999-3756-BE07-700CCA2DF462} = {62E47EA3-3999-3756-BE07-700CCA2DF462}
		{12EEF420-63E7-3261-91B7-3AB70F59D0F4} = {12EEF420-63E7-3261-91B7-3AB70F59D0F4}
		{645D966D-9D89-3C45-9868-CA245B17A090} = {645D966D-9D89-3C45-9868-CA245B17A090}
	EndProjectSection
EndProject
Project("{8BC9CEB8-8B4A-11D0-8D11-00A0C91BC942}") = "test_sortor", "tests\test_sortor.vcxproj", "{5A976E45-5EEC-3994-A63E-84160E358D42}"
	ProjectSection(ProjectDependencies) = postProject
		{1AD584E5-2FEB-3574-B15A-3614975CC34D} = {1AD584E5-2FEB-3574-B15A-3614975CC34D}
		{A81D883C-00BE-31ED-8EAC-04C5A5D1E0C3} = {A81D883C-00BE-31ED-8EAC-04C5A5D1E0C3}
		{EA961B54-98EF-37C4-8F71-BD8705C67943} = {EA961B54-98EF-37C4-8F71-BD8705C67943}
		{2E6EEFE2-9E5E-3AA2-AAB2-511DDBDFCBB4} = {2E6EEFE2-9E5E-3AA2-AAB2-511DDBDFCBB4}
		{5407488B-9B11-33B6-8EE0-81CBBB90A7E5} = {5407488B-9B11-33B6-8EE0-81CBBB90A7E5}
		{332EF860-F175-3F1D-A680-D6BE719F8DF6} = {332EF860-F175-3F1D-A680-D6BE719F8DF6}
		{62E47EA3-3999-3756-BE07-700CCA2DF462} = {62E47EA3-3999-3756-BE07-700CCA2DF462}
		{12EEF420-63E7-3261-91B7-3AB70F59D0F4} = {12EEF420-63E7-3261-91B7-3AB70F59D0F4}
		{645D966D-9D89-3C45-9868-CA245B17A090} = {645D966D-9D89-3C45-9868-CA245B17A090}
	EndProjectSection
EndProject
Project("{8BC9CEB8-8B4A-11D0-8D11-00A0C91BC942}") = "test_wsClient", "tests\test_wsClient.vcxproj", "{77275F4E-2A53-3255-A752-69EC29483979}"
	ProjectSection(ProjectDependencies) = postProject
		{1AD584E5-2FEB-3574-B15A-3614975CC34D} = {1AD584E5-2FEB-3574-B15A-3614975CC34D}
		{A81D883C-00BE-31ED-8EAC-04C5A5D1E0C3} = {A81D883C-00BE-31ED-8EAC-04C5A5D1E0C3}
		{EA961B54-98EF-37C4-8F71-BD8705C67943} = {EA961B54-98EF-37C4-8F71-BD8705C67943}
		{2E6EEFE2-9E5E-3AA2-AAB2-511DDBDFCBB4} = {2E6EEFE2-9E5E-3AA2-AAB2-511DDBDFCBB4}
		{5407488B-9B11-33B6-8EE0-81CBBB90A7E5} = {5407488B-9B11-33B6-8EE0-81CBBB90A7E5}
		{332EF860-F175-3F1D-A680-D6BE719F8DF6} = {332EF860-F175-3F1D-A680-D6BE719F8DF6}
		{62E47EA3-3999-3756-BE07-700CCA2DF462} = {62E47EA3-3999-3756-BE07-700CCA2DF462}
		{12EEF420-63E7-3261-91B7-3AB70F59D0F4} = {12EEF420-63E7-3261-91B7-3AB70F59D0F4}
		{645D966D-9D89-3C45-9868-CA245B17A090} = {645D966D-9D89-3C45-9868-CA245B17A090}
	EndProjectSection
EndProject
Project("{8BC9CEB8-8B4A-11D0-8D11-00A0C91BC942}") = "test_wsServer", "tests\test_wsServer.vcxproj", "{63FDA668-E17B-3DDA-95B2-5EDD57105E48}"
	ProjectSection(ProjectDependencies) = postProject
		{1AD584E5-2FEB-3574-B15A-3614975CC34D} = {1AD584E5-2FEB-3574-B15A-3614975CC34D}
		{A81D883C-00BE-31ED-8EAC-04C5A5D1E0C3} = {A81D883C-00BE-31ED-8EAC-04C5A5D1E0C3}
		{EA961B54-98EF-37C4-8F71-BD8705C67943} = {EA961B54-98EF-37C4-8F71-BD8705C67943}
		{2E6EEFE2-9E5E-3AA2-AAB2-511DDBDFCBB4} = {2E6EEFE2-9E5E-3AA2-AAB2-511DDBDFCBB4}
		{5407488B-9B11-33B6-8EE0-81CBBB90A7E5} = {5407488B-9B11-33B6-8EE0-81CBBB90A7E5}
		{332EF860-F175-3F1D-A680-D6BE719F8DF6} = {332EF860-F175-3F1D-A680-D6BE719F8DF6}
		{62E47EA3-3999-3756-BE07-700CCA2DF462} = {62E47EA3-3999-3756-BE07-700CCA2DF462}
		{12EEF420-63E7-3261-91B7-3AB70F59D0F4} = {12EEF420-63E7-3261-91B7-3AB70F59D0F4}
		{645D966D-9D89-3C45-9868-CA245B17A090} = {645D966D-9D89-3C45-9868-CA245B17A090}
	EndProjectSection
EndProject
Project("{8BC9CEB8-8B4A-11D0-8D11-00A0C91BC942}") = "zlmediakit", "src\zlmediakit.vcxproj", "{12EEF420-63E7-3261-91B7-3AB70F59D0F4}"
	ProjectSection(ProjectDependencies) = postProject
		{1AD584E5-2FEB-3574-B15A-3614975CC34D} = {1AD584E5-2FEB-3574-B15A-3614975CC34D}
		{EA961B54-98EF-37C4-8F71-BD8705C67943} = {EA961B54-98EF-37C4-8F71-BD8705C67943}
		{2E6EEFE2-9E5E-3AA2-AAB2-511DDBDFCBB4} = {2E6EEFE2-9E5E-3AA2-AAB2-511DDBDFCBB4}
		{5407488B-9B11-33B6-8EE0-81CBBB90A7E5} = {5407488B-9B11-33B6-8EE0-81CBBB90A7E5}
		{332EF860-F175-3F1D-A680-D6BE719F8DF6} = {332EF860-F175-3F1D-A680-D6BE719F8DF6}
		{645D966D-9D89-3C45-9868-CA245B17A090} = {645D966D-9D89-3C45-9868-CA245B17A090}
	EndProjectSection
EndProject
Project("{8BC9CEB8-8B4A-11D0-8D11-00A0C91BC942}") = "zltoolkit", "3rdpart\zltoolkit.vcxproj", "{645D966D-9D89-3C45-9868-CA245B17A090}"
	ProjectSection(ProjectDependencies) = postProject
		{1AD584E5-2FEB-3574-B15A-3614975CC34D} = {1AD584E5-2FEB-3574-B15A-3614975CC34D}
	EndProjectSection
EndProject
Global
	GlobalSection(SolutionConfigurationPlatforms) = preSolution
		Debug|Win32 = Debug|Win32
		Release|Win32 = Release|Win32
		MinSizeRel|Win32 = MinSizeRel|Win32
		RelWithDebInfo|Win32 = RelWithDebInfo|Win32
	EndGlobalSection
	GlobalSection(ProjectConfigurationPlatforms) = postSolution
		{B544F2AB-687B-3C16-A912-88C1822EF67F}.Debug|Win32.ActiveCfg = Debug|Win32
		{B544F2AB-687B-3C16-A912-88C1822EF67F}.Debug|Win32.Build.0 = Debug|Win32
		{B544F2AB-687B-3C16-A912-88C1822EF67F}.Release|Win32.ActiveCfg = Release|Win32
		{B544F2AB-687B-3C16-A912-88C1822EF67F}.Release|Win32.Build.0 = Release|Win32
		{B544F2AB-687B-3C16-A912-88C1822EF67F}.MinSizeRel|Win32.ActiveCfg = MinSizeRel|Win32
		{B544F2AB-687B-3C16-A912-88C1822EF67F}.MinSizeRel|Win32.Build.0 = MinSizeRel|Win32
		{B544F2AB-687B-3C16-A912-88C1822EF67F}.RelWithDebInfo|Win32.ActiveCfg = RelWithDebInfo|Win32
		{B544F2AB-687B-3C16-A912-88C1822EF67F}.RelWithDebInfo|Win32.Build.0 = RelWithDebInfo|Win32
		{2747FE95-6189-366C-93E9-FF120275929D}.Debug|Win32.ActiveCfg = Debug|Win32
		{2747FE95-6189-366C-93E9-FF120275929D}.Release|Win32.ActiveCfg = Release|Win32
		{2747FE95-6189-366C-93E9-FF120275929D}.MinSizeRel|Win32.ActiveCfg = MinSizeRel|Win32
		{2747FE95-6189-366C-93E9-FF120275929D}.RelWithDebInfo|Win32.ActiveCfg = RelWithDebInfo|Win32
		{C55CF9FA-BC2D-384E-A51F-F041A647798C}.Debug|Win32.ActiveCfg = Debug|Win32
		{C55CF9FA-BC2D-384E-A51F-F041A647798C}.Debug|Win32.Build.0 = Debug|Win32
		{C55CF9FA-BC2D-384E-A51F-F041A647798C}.Release|Win32.ActiveCfg = Release|Win32
		{C55CF9FA-BC2D-384E-A51F-F041A647798C}.Release|Win32.Build.0 = Release|Win32
		{C55CF9FA-BC2D-384E-A51F-F041A647798C}.MinSizeRel|Win32.ActiveCfg = MinSizeRel|Win32
		{C55CF9FA-BC2D-384E-A51F-F041A647798C}.MinSizeRel|Win32.Build.0 = MinSizeRel|Win32
		{C55CF9FA-BC2D-384E-A51F-F041A647798C}.RelWithDebInfo|Win32.ActiveCfg = RelWithDebInfo|Win32
		{C55CF9FA-BC2D-384E-A51F-F041A647798C}.RelWithDebInfo|Win32.Build.0 = RelWithDebInfo|Win32
		{1AD584E5-2FEB-3574-B15A-3614975CC34D}.Debug|Win32.ActiveCfg = Debug|Win32
		{1AD584E5-2FEB-3574-B15A-3614975CC34D}.Debug|Win32.Build.0 = Debug|Win32
		{1AD584E5-2FEB-3574-B15A-3614975CC34D}.Release|Win32.ActiveCfg = Release|Win32
		{1AD584E5-2FEB-3574-B15A-3614975CC34D}.Release|Win32.Build.0 = Release|Win32
		{1AD584E5-2FEB-3574-B15A-3614975CC34D}.MinSizeRel|Win32.ActiveCfg = MinSizeRel|Win32
		{1AD584E5-2FEB-3574-B15A-3614975CC34D}.MinSizeRel|Win32.Build.0 = MinSizeRel|Win32
		{1AD584E5-2FEB-3574-B15A-3614975CC34D}.RelWithDebInfo|Win32.ActiveCfg = RelWithDebInfo|Win32
		{1AD584E5-2FEB-3574-B15A-3614975CC34D}.RelWithDebInfo|Win32.Build.0 = RelWithDebInfo|Win32
		{389104F9-2406-33D3-8880-89C0E17B99E4}.Debug|Win32.ActiveCfg = Debug|Win32
		{389104F9-2406-33D3-8880-89C0E17B99E4}.Debug|Win32.Build.0 = Debug|Win32
		{389104F9-2406-33D3-8880-89C0E17B99E4}.Release|Win32.ActiveCfg = Release|Win32
		{389104F9-2406-33D3-8880-89C0E17B99E4}.Release|Win32.Build.0 = Release|Win32
		{389104F9-2406-33D3-8880-89C0E17B99E4}.MinSizeRel|Win32.ActiveCfg = MinSizeRel|Win32
		{389104F9-2406-33D3-8880-89C0E17B99E4}.MinSizeRel|Win32.Build.0 = MinSizeRel|Win32
		{389104F9-2406-33D3-8880-89C0E17B99E4}.RelWithDebInfo|Win32.ActiveCfg = RelWithDebInfo|Win32
		{389104F9-2406-33D3-8880-89C0E17B99E4}.RelWithDebInfo|Win32.Build.0 = RelWithDebInfo|Win32
		{F3648190-A118-32C5-85D0-CB893332D33F}.Debug|Win32.ActiveCfg = Debug|Win32
		{F3648190-A118-32C5-85D0-CB893332D33F}.Debug|Win32.Build.0 = Debug|Win32
		{F3648190-A118-32C5-85D0-CB893332D33F}.Release|Win32.ActiveCfg = Release|Win32
		{F3648190-A118-32C5-85D0-CB893332D33F}.Release|Win32.Build.0 = Release|Win32
		{F3648190-A118-32C5-85D0-CB893332D33F}.MinSizeRel|Win32.ActiveCfg = MinSizeRel|Win32
		{F3648190-A118-32C5-85D0-CB893332D33F}.MinSizeRel|Win32.Build.0 = MinSizeRel|Win32
		{F3648190-A118-32C5-85D0-CB893332D33F}.RelWithDebInfo|Win32.ActiveCfg = RelWithDebInfo|Win32
		{F3648190-A118-32C5-85D0-CB893332D33F}.RelWithDebInfo|Win32.Build.0 = RelWithDebInfo|Win32
		{4BBBAB1E-822B-395E-8717-75BAE194EC97}.Debug|Win32.ActiveCfg = Debug|Win32
		{4BBBAB1E-822B-395E-8717-75BAE194EC97}.Debug|Win32.Build.0 = Debug|Win32
		{4BBBAB1E-822B-395E-8717-75BAE194EC97}.Release|Win32.ActiveCfg = Release|Win32
		{4BBBAB1E-822B-395E-8717-75BAE194EC97}.Release|Win32.Build.0 = Release|Win32
		{4BBBAB1E-822B-395E-8717-75BAE194EC97}.MinSizeRel|Win32.ActiveCfg = MinSizeRel|Win32
		{4BBBAB1E-822B-395E-8717-75BAE194EC97}.MinSizeRel|Win32.Build.0 = MinSizeRel|Win32
		{4BBBAB1E-822B-395E-8717-75BAE194EC97}.RelWithDebInfo|Win32.ActiveCfg = RelWithDebInfo|Win32
		{4BBBAB1E-822B-395E-8717-75BAE194EC97}.RelWithDebInfo|Win32.Build.0 = RelWithDebInfo|Win32
		{06AE9462-FD74-3BD3-B83B-C0B0E630506D}.Debug|Win32.ActiveCfg = Debug|Win32
		{06AE9462-FD74-3BD3-B83B-C0B0E630506D}.Debug|Win32.Build.0 = Debug|Win32
		{06AE9462-FD74-3BD3-B83B-C0B0E630506D}.Release|Win32.ActiveCfg = Release|Win32
		{06AE9462-FD74-3BD3-B83B-C0B0E630506D}.Release|Win32.Build.0 = Release|Win32
		{06AE9462-FD74-3BD3-B83B-C0B0E630506D}.MinSizeRel|Win32.ActiveCfg = MinSizeRel|Win32
		{06AE9462-FD74-3BD3-B83B-C0B0E630506D}.MinSizeRel|Win32.Build.0 = MinSizeRel|Win32
		{06AE9462-FD74-3BD3-B83B-C0B0E630506D}.RelWithDebInfo|Win32.ActiveCfg = RelWithDebInfo|Win32
		{06AE9462-FD74-3BD3-B83B-C0B0E630506D}.RelWithDebInfo|Win32.Build.0 = RelWithDebInfo|Win32
		{0D76E6C6-AB32-3A92-815A-F3685D90727C}.Debug|Win32.ActiveCfg = Debug|Win32
		{0D76E6C6-AB32-3A92-815A-F3685D90727C}.Debug|Win32.Build.0 = Debug|Win32
		{0D76E6C6-AB32-3A92-815A-F3685D90727C}.Release|Win32.ActiveCfg = Release|Win32
		{0D76E6C6-AB32-3A92-815A-F3685D90727C}.Release|Win32.Build.0 = Release|Win32
		{0D76E6C6-AB32-3A92-815A-F3685D90727C}.MinSizeRel|Win32.ActiveCfg = MinSizeRel|Win32
		{0D76E6C6-AB32-3A92-815A-F3685D90727C}.MinSizeRel|Win32.Build.0 = MinSizeRel|Win32
		{0D76E6C6-AB32-3A92-815A-F3685D90727C}.RelWithDebInfo|Win32.ActiveCfg = RelWithDebInfo|Win32
		{0D76E6C6-AB32-3A92-815A-F3685D90727C}.RelWithDebInfo|Win32.Build.0 = RelWithDebInfo|Win32
		{4A110A94-E47D-39C7-AD84-0EB0F7AE3C0C}.Debug|Win32.ActiveCfg = Debug|Win32
		{4A110A94-E47D-39C7-AD84-0EB0F7AE3C0C}.Debug|Win32.Build.0 = Debug|Win32
		{4A110A94-E47D-39C7-AD84-0EB0F7AE3C0C}.Release|Win32.ActiveCfg = Release|Win32
		{4A110A94-E47D-39C7-AD84-0EB0F7AE3C0C}.Release|Win32.Build.0 = Release|Win32
		{4A110A94-E47D-39C7-AD84-0EB0F7AE3C0C}.MinSizeRel|Win32.ActiveCfg = MinSizeRel|Win32
		{4A110A94-E47D-39C7-AD84-0EB0F7AE3C0C}.MinSizeRel|Win32.Build.0 = MinSizeRel|Win32
		{4A110A94-E47D-39C7-AD84-0EB0F7AE3C0C}.RelWithDebInfo|Win32.ActiveCfg = RelWithDebInfo|Win32
		{4A110A94-E47D-39C7-AD84-0EB0F7AE3C0C}.RelWithDebInfo|Win32.Build.0 = RelWithDebInfo|Win32
		{BE1E9A4E-C281-305C-BCB1-ADDC8DD3C4E7}.Debug|Win32.ActiveCfg = Debug|Win32
		{BE1E9A4E-C281-305C-BCB1-ADDC8DD3C4E7}.Debug|Win32.Build.0 = Debug|Win32
		{BE1E9A4E-C281-305C-BCB1-ADDC8DD3C4E7}.Release|Win32.ActiveCfg = Release|Win32
		{BE1E9A4E-C281-305C-BCB1-ADDC8DD3C4E7}.Release|Win32.Build.0 = Release|Win32
		{BE1E9A4E-C281-305C-BCB1-ADDC8DD3C4E7}.MinSizeRel|Win32.ActiveCfg = MinSizeRel|Win32
		{BE1E9A4E-C281-305C-BCB1-ADDC8DD3C4E7}.MinSizeRel|Win32.Build.0 = MinSizeRel|Win32
		{BE1E9A4E-C281-305C-BCB1-ADDC8DD3C4E7}.RelWithDebInfo|Win32.ActiveCfg = RelWithDebInfo|Win32
		{BE1E9A4E-C281-305C-BCB1-ADDC8DD3C4E7}.RelWithDebInfo|Win32.Build.0 = RelWithDebInfo|Win32
		{A81D883C-00BE-31ED-8EAC-04C5A5D1E0C3}.Debug|Win32.ActiveCfg = Debug|Win32
		{A81D883C-00BE-31ED-8EAC-04C5A5D1E0C3}.Debug|Win32.Build.0 = Debug|Win32
		{A81D883C-00BE-31ED-8EAC-04C5A5D1E0C3}.Release|Win32.ActiveCfg = Release|Win32
		{A81D883C-00BE-31ED-8EAC-04C5A5D1E0C3}.Release|Win32.Build.0 = Release|Win32
		{A81D883C-00BE-31ED-8EAC-04C5A5D1E0C3}.MinSizeRel|Win32.ActiveCfg = MinSizeRel|Win32
		{A81D883C-00BE-31ED-8EAC-04C5A5D1E0C3}.MinSizeRel|Win32.Build.0 = MinSizeRel|Win32
		{A81D883C-00BE-31ED-8EAC-04C5A5D1E0C3}.RelWithDebInfo|Win32.ActiveCfg = RelWithDebInfo|Win32
		{A81D883C-00BE-31ED-8EAC-04C5A5D1E0C3}.RelWithDebInfo|Win32.Build.0 = RelWithDebInfo|Win32
		{EA961B54-98EF-37C4-8F71-BD8705C67943}.Debug|Win32.ActiveCfg = Debug|Win32
		{EA961B54-98EF-37C4-8F71-BD8705C67943}.Debug|Win32.Build.0 = Debug|Win32
		{EA961B54-98EF-37C4-8F71-BD8705C67943}.Release|Win32.ActiveCfg = Release|Win32
		{EA961B54-98EF-37C4-8F71-BD8705C67943}.Release|Win32.Build.0 = Release|Win32
		{EA961B54-98EF-37C4-8F71-BD8705C67943}.MinSizeRel|Win32.ActiveCfg = MinSizeRel|Win32
		{EA961B54-98EF-37C4-8F71-BD8705C67943}.MinSizeRel|Win32.Build.0 = MinSizeRel|Win32
		{EA961B54-98EF-37C4-8F71-BD8705C67943}.RelWithDebInfo|Win32.ActiveCfg = RelWithDebInfo|Win32
		{EA961B54-98EF-37C4-8F71-BD8705C67943}.RelWithDebInfo|Win32.Build.0 = RelWithDebInfo|Win32
		{2E6EEFE2-9E5E-3AA2-AAB2-511DDBDFCBB4}.Debug|Win32.ActiveCfg = Debug|Win32
		{2E6EEFE2-9E5E-3AA2-AAB2-511DDBDFCBB4}.Debug|Win32.Build.0 = Debug|Win32
		{2E6EEFE2-9E5E-3AA2-AAB2-511DDBDFCBB4}.Release|Win32.ActiveCfg = Release|Win32
		{2E6EEFE2-9E5E-3AA2-AAB2-511DDBDFCBB4}.Release|Win32.Build.0 = Release|Win32
		{2E6EEFE2-9E5E-3AA2-AAB2-511DDBDFCBB4}.MinSizeRel|Win32.ActiveCfg = MinSizeRel|Win32
		{2E6EEFE2-9E5E-3AA2-AAB2-511DDBDFCBB4}.MinSizeRel|Win32.Build.0 = MinSizeRel|Win32
		{2E6EEFE2-9E5E-3AA2-AAB2-511DDBDFCBB4}.RelWithDebInfo|Win32.ActiveCfg = RelWithDebInfo|Win32
		{2E6EEFE2-9E5E-3AA2-AAB2-511DDBDFCBB4}.RelWithDebInfo|Win32.Build.0 = RelWithDebInfo|Win32
		{554A4F39-410D-3956-B3CD-7D11DAC5F1FB}.Debug|Win32.ActiveCfg = Debug|Win32
		{554A4F39-410D-3956-B3CD-7D11DAC5F1FB}.Debug|Win32.Build.0 = Debug|Win32
		{554A4F39-410D-3956-B3CD-7D11DAC5F1FB}.Release|Win32.ActiveCfg = Release|Win32
		{554A4F39-410D-3956-B3CD-7D11DAC5F1FB}.Release|Win32.Build.0 = Release|Win32
		{554A4F39-410D-3956-B3CD-7D11DAC5F1FB}.MinSizeRel|Win32.ActiveCfg = MinSizeRel|Win32
		{554A4F39-410D-3956-B3CD-7D11DAC5F1FB}.MinSizeRel|Win32.Build.0 = MinSizeRel|Win32
		{554A4F39-410D-3956-B3CD-7D11DAC5F1FB}.RelWithDebInfo|Win32.ActiveCfg = RelWithDebInfo|Win32
		{554A4F39-410D-3956-B3CD-7D11DAC5F1FB}.RelWithDebInfo|Win32.Build.0 = RelWithDebInfo|Win32
		{5407488B-9B11-33B6-8EE0-81CBBB90A7E5}.Debug|Win32.ActiveCfg = Debug|Win32
		{5407488B-9B11-33B6-8EE0-81CBBB90A7E5}.Debug|Win32.Build.0 = Debug|Win32
		{5407488B-9B11-33B6-8EE0-81CBBB90A7E5}.Release|Win32.ActiveCfg = Release|Win32
		{5407488B-9B11-33B6-8EE0-81CBBB90A7E5}.Release|Win32.Build.0 = Release|Win32
		{5407488B-9B11-33B6-8EE0-81CBBB90A7E5}.MinSizeRel|Win32.ActiveCfg = MinSizeRel|Win32
		{5407488B-9B11-33B6-8EE0-81CBBB90A7E5}.MinSizeRel|Win32.Build.0 = MinSizeRel|Win32
		{5407488B-9B11-33B6-8EE0-81CBBB90A7E5}.RelWithDebInfo|Win32.ActiveCfg = RelWithDebInfo|Win32
		{5407488B-9B11-33B6-8EE0-81CBBB90A7E5}.RelWithDebInfo|Win32.Build.0 = RelWithDebInfo|Win32
		{332EF860-F175-3F1D-A680-D6BE719F8DF6}.Debug|Win32.ActiveCfg = Debug|Win32
		{332EF860-F175-3F1D-A680-D6BE719F8DF6}.Debug|Win32.Build.0 = Debug|Win32
		{332EF860-F175-3F1D-A680-D6BE719F8DF6}.Release|Win32.ActiveCfg = Release|Win32
		{332EF860-F175-3F1D-A680-D6BE719F8DF6}.Release|Win32.Build.0 = Release|Win32
		{332EF860-F175-3F1D-A680-D6BE719F8DF6}.MinSizeRel|Win32.ActiveCfg = MinSizeRel|Win32
		{332EF860-F175-3F1D-A680-D6BE719F8DF6}.MinSizeRel|Win32.Build.0 = MinSizeRel|Win32
		{332EF860-F175-3F1D-A680-D6BE719F8DF6}.RelWithDebInfo|Win32.ActiveCfg = RelWithDebInfo|Win32
		{332EF860-F175-3F1D-A680-D6BE719F8DF6}.RelWithDebInfo|Win32.Build.0 = RelWithDebInfo|Win32
		{62E47EA3-3999-3756-BE07-700CCA2DF462}.Debug|Win32.ActiveCfg = Debug|Win32
		{62E47EA3-3999-3756-BE07-700CCA2DF462}.Debug|Win32.Build.0 = Debug|Win32
		{62E47EA3-3999-3756-BE07-700CCA2DF462}.Release|Win32.ActiveCfg = Release|Win32
		{62E47EA3-3999-3756-BE07-700CCA2DF462}.Release|Win32.Build.0 = Release|Win32
		{62E47EA3-3999-3756-BE07-700CCA2DF462}.MinSizeRel|Win32.ActiveCfg = MinSizeRel|Win32
		{62E47EA3-3999-3756-BE07-700CCA2DF462}.MinSizeRel|Win32.Build.0 = MinSizeRel|Win32
		{62E47EA3-3999-3756-BE07-700CCA2DF462}.RelWithDebInfo|Win32.ActiveCfg = RelWithDebInfo|Win32
		{62E47EA3-3999-3756-BE07-700CCA2DF462}.RelWithDebInfo|Win32.Build.0 = RelWithDebInfo|Win32
		{77BD17C4-C561-3FB6-832A-4F6B2CE4BBE8}.Debug|Win32.ActiveCfg = Debug|Win32
		{77BD17C4-C561-3FB6-832A-4F6B2CE4BBE8}.Debug|Win32.Build.0 = Debug|Win32
		{77BD17C4-C561-3FB6-832A-4F6B2CE4BBE8}.Release|Win32.ActiveCfg = Release|Win32
		{77BD17C4-C561-3FB6-832A-4F6B2CE4BBE8}.Release|Win32.Build.0 = Release|Win32
		{77BD17C4-C561-3FB6-832A-4F6B2CE4BBE8}.MinSizeRel|Win32.ActiveCfg = MinSizeRel|Win32
		{77BD17C4-C561-3FB6-832A-4F6B2CE4BBE8}.MinSizeRel|Win32.Build.0 = MinSizeRel|Win32
		{77BD17C4-C561-3FB6-832A-4F6B2CE4BBE8}.RelWithDebInfo|Win32.ActiveCfg = RelWithDebInfo|Win32
		{77BD17C4-C561-3FB6-832A-4F6B2CE4BBE8}.RelWithDebInfo|Win32.Build.0 = RelWithDebInfo|Win32
		{75170F58-76D2-3FA2-AA92-530EA5CF3E65}.Debug|Win32.ActiveCfg = Debug|Win32
		{75170F58-76D2-3FA2-AA92-530EA5CF3E65}.Debug|Win32.Build.0 = Debug|Win32
		{75170F58-76D2-3FA2-AA92-530EA5CF3E65}.Release|Win32.ActiveCfg = Release|Win32
		{75170F58-76D2-3FA2-AA92-530EA5CF3E65}.Release|Win32.Build.0 = Release|Win32
		{75170F58-76D2-3FA2-AA92-530EA5CF3E65}.MinSizeRel|Win32.ActiveCfg = MinSizeRel|Win32
		{75170F58-76D2-3FA2-AA92-530EA5CF3E65}.MinSizeRel|Win32.Build.0 = MinSizeRel|Win32
		{75170F58-76D2-3FA2-AA92-530EA5CF3E65}.RelWithDebInfo|Win32.ActiveCfg = RelWithDebInfo|Win32
		{75170F58-76D2-3FA2-AA92-530EA5CF3E65}.RelWithDebInfo|Win32.Build.0 = RelWithDebInfo|Win32
		{AFBA42B4-CCB2-3276-98C8-EDE4E5179319}.Debug|Win32.ActiveCfg = Debug|Win32
		{AFBA42B4-CCB2-3276-98C8-EDE4E5179319}.Debug|Win32.Build.0 = Debug|Win32
		{AFBA42B4-CCB2-3276-98C8-EDE4E5179319}.Release|Win32.ActiveCfg = Release|Win32
		{AFBA42B4-CCB2-3276-98C8-EDE4E5179319}.Release|Win32.Build.0 = Release|Win32
		{AFBA42B4-CCB2-3276-98C8-EDE4E5179319}.MinSizeRel|Win32.ActiveCfg = MinSizeRel|Win32
		{AFBA42B4-CCB2-3276-98C8-EDE4E5179319}.MinSizeRel|Win32.Build.0 = MinSizeRel|Win32
		{AFBA42B4-CCB2-3276-98C8-EDE4E5179319}.RelWithDebInfo|Win32.ActiveCfg = RelWithDebInfo|Win32
		{AFBA42B4-CCB2-3276-98C8-EDE4E5179319}.RelWithDebInfo|Win32.Build.0 = RelWithDebInfo|Win32
		{B48FF4CC-8248-3F11-A5C8-435C0AD5A7DD}.Debug|Win32.ActiveCfg = Debug|Win32
		{B48FF4CC-8248-3F11-A5C8-435C0AD5A7DD}.Debug|Win32.Build.0 = Debug|Win32
		{B48FF4CC-8248-3F11-A5C8-435C0AD5A7DD}.Release|Win32.ActiveCfg = Release|Win32
		{B48FF4CC-8248-3F11-A5C8-435C0AD5A7DD}.Release|Win32.Build.0 = Release|Win32
		{B48FF4CC-8248-3F11-A5C8-435C0AD5A7DD}.MinSizeRel|Win32.ActiveCfg = MinSizeRel|Win32
		{B48FF4CC-8248-3F11-A5C8-435C0AD5A7DD}.MinSizeRel|Win32.Build.0 = MinSizeRel|Win32
		{B48FF4CC-8248-3F11-A5C8-435C0AD5A7DD}.RelWithDebInfo|Win32.ActiveCfg = RelWithDebInfo|Win32
		{B48FF4CC-8248-3F11-A5C8-435C0AD5A7DD}.RelWithDebInfo|Win32.Build.0 = RelWithDebInfo|Win32
		{D952E611-3FF3-3A57-B2DE-CEAEF408531E}.Debug|Win32.ActiveCfg = Debug|Win32
		{D952E611-3FF3-3A57-B2DE-CEAEF408531E}.Debug|Win32.Build.0 = Debug|Win32
		{D952E611-3FF3-3A57-B2DE-CEAEF408531E}.Release|Win32.ActiveCfg = Release|Win32
		{D952E611-3FF3-3A57-B2DE-CEAEF408531E}.Release|Win32.Build.0 = Release|Win32
		{D952E611-3FF3-3A57-B2DE-CEAEF408531E}.MinSizeRel|Win32.ActiveCfg = MinSizeRel|Win32
		{D952E611-3FF3-3A57-B2DE-CEAEF408531E}.MinSizeRel|Win32.Build.0 = MinSizeRel|Win32
		{D952E611-3FF3-3A57-B2DE-CEAEF408531E}.RelWithDebInfo|Win32.ActiveCfg = RelWithDebInfo|Win32
		{D952E611-3FF3-3A57-B2DE-CEAEF408531E}.RelWithDebInfo|Win32.Build.0 = RelWithDebInfo|Win32
		{BF2F3E7C-FB9C-3223-A066-479D3D22FE7F}.Debug|Win32.ActiveCfg = Debug|Win32
		{BF2F3E7C-FB9C-3223-A066-479D3D22FE7F}.Debug|Win32.Build.0 = Debug|Win32
		{BF2F3E7C-FB9C-3223-A066-479D3D22FE7F}.Release|Win32.ActiveCfg = Release|Win32
		{BF2F3E7C-FB9C-3223-A066-479D3D22FE7F}.Release|Win32.Build.0 = Release|Win32
		{BF2F3E7C-FB9C-3223-A066-479D3D22FE7F}.MinSizeRel|Win32.ActiveCfg = MinSizeRel|Win32
		{BF2F3E7C-FB9C-3223-A066-479D3D22FE7F}.MinSizeRel|Win32.Build.0 = MinSizeRel|Win32
		{BF2F3E7C-FB9C-3223-A066-479D3D22FE7F}.RelWithDebInfo|Win32.ActiveCfg = RelWithDebInfo|Win32
		{BF2F3E7C-FB9C-3223-A066-479D3D22FE7F}.RelWithDebInfo|Win32.Build.0 = RelWithDebInfo|Win32
		{8D39F643-CDAB-3D30-BC86-658A25B04BB4}.Debug|Win32.ActiveCfg = Debug|Win32
		{8D39F643-CDAB-3D30-BC86-658A25B04BB4}.Debug|Win32.Build.0 = Debug|Win32
		{8D39F643-CDAB-3D30-BC86-658A25B04BB4}.Release|Win32.ActiveCfg = Release|Win32
		{8D39F643-CDAB-3D30-BC86-658A25B04BB4}.Release|Win32.Build.0 = Release|Win32
		{8D39F643-CDAB-3D30-BC86-658A25B04BB4}.MinSizeRel|Win32.ActiveCfg = MinSizeRel|Win32
		{8D39F643-CDAB-3D30-BC86-658A25B04BB4}.MinSizeRel|Win32.Build.0 = MinSizeRel|Win32
		{8D39F643-CDAB-3D30-BC86-658A25B04BB4}.RelWithDebInfo|Win32.ActiveCfg = RelWithDebInfo|Win32
		{8D39F643-CDAB-3D30-BC86-658A25B04BB4}.RelWithDebInfo|Win32.Build.0 = RelWithDebInfo|Win32
		{9DA6697F-D8D6-30B4-8F37-0DCA81892331}.Debug|Win32.ActiveCfg = Debug|Win32
		{9DA6697F-D8D6-30B4-8F37-0DCA81892331}.Debug|Win32.Build.0 = Debug|Win32
		{9DA6697F-D8D6-30B4-8F37-0DCA81892331}.Release|Win32.ActiveCfg = Release|Win32
		{9DA6697F-D8D6-30B4-8F37-0DCA81892331}.Release|Win32.Build.0 = Release|Win32
		{9DA6697F-D8D6-30B4-8F37-0DCA81892331}.MinSizeRel|Win32.ActiveCfg = MinSizeRel|Win32
		{9DA6697F-D8D6-30B4-8F37-0DCA81892331}.MinSizeRel|Win32.Build.0 = MinSizeRel|Win32
		{9DA6697F-D8D6-30B4-8F37-0DCA81892331}.RelWithDebInfo|Win32.ActiveCfg = RelWithDebInfo|Win32
		{9DA6697F-D8D6-30B4-8F37-0DCA81892331}.RelWithDebInfo|Win32.Build.0 = RelWithDebInfo|Win32
		{C50DB50A-BF23-3164-9DC9-73B4DB946443}.Debug|Win32.ActiveCfg = Debug|Win32
		{C50DB50A-BF23-3164-9DC9-73B4DB946443}.Debug|Win32.Build.0 = Debug|Win32
		{C50DB50A-BF23-3164-9DC9-73B4DB946443}.Release|Win32.ActiveCfg = Release|Win32
		{C50DB50A-BF23-3164-9DC9-73B4DB946443}.Release|Win32.Build.0 = Release|Win32
		{C50DB50A-BF23-3164-9DC9-73B4DB946443}.MinSizeRel|Win32.ActiveCfg = MinSizeRel|Win32
		{C50DB50A-BF23-3164-9DC9-73B4DB946443}.MinSizeRel|Win32.Build.0 = MinSizeRel|Win32
		{C50DB50A-BF23-3164-9DC9-73B4DB946443}.RelWithDebInfo|Win32.ActiveCfg = RelWithDebInfo|Win32
		{C50DB50A-BF23-3164-9DC9-73B4DB946443}.RelWithDebInfo|Win32.Build.0 = RelWithDebInfo|Win32
		{2F184E34-FBC8-35B0-951F-7FADB663FF3E}.Debug|Win32.ActiveCfg = Debug|Win32
		{2F184E34-FBC8-35B0-951F-7FADB663FF3E}.Debug|Win32.Build.0 = Debug|Win32
		{2F184E34-FBC8-35B0-951F-7FADB663FF3E}.Release|Win32.ActiveCfg = Release|Win32
		{2F184E34-FBC8-35B0-951F-7FADB663FF3E}.Release|Win32.Build.0 = Release|Win32
		{2F184E34-FBC8-35B0-951F-7FADB663FF3E}.MinSizeRel|Win32.ActiveCfg = MinSizeRel|Win32
		{2F184E34-FBC8-35B0-951F-7FADB663FF3E}.MinSizeRel|Win32.Build.0 = MinSizeRel|Win32
		{2F184E34-FBC8-35B0-951F-7FADB663FF3E}.RelWithDebInfo|Win32.ActiveCfg = RelWithDebInfo|Win32
		{2F184E34-FBC8-35B0-951F-7FADB663FF3E}.RelWithDebInfo|Win32.Build.0 = RelWithDebInfo|Win32
		{BCC28AE5-B7BF-3F69-ACC0-44BF3860AAEE}.Debug|Win32.ActiveCfg = Debug|Win32
		{BCC28AE5-B7BF-3F69-ACC0-44BF3860AAEE}.Debug|Win32.Build.0 = Debug|Win32
		{BCC28AE5-B7BF-3F69-ACC0-44BF3860AAEE}.Release|Win32.ActiveCfg = Release|Win32
		{BCC28AE5-B7BF-3F69-ACC0-44BF3860AAEE}.Release|Win32.Build.0 = Release|Win32
		{BCC28AE5-B7BF-3F69-ACC0-44BF3860AAEE}.MinSizeRel|Win32.ActiveCfg = MinSizeRel|Win32
		{BCC28AE5-B7BF-3F69-ACC0-44BF3860AAEE}.MinSizeRel|Win32.Build.0 = MinSizeRel|Win32
		{BCC28AE5-B7BF-3F69-ACC0-44BF3860AAEE}.RelWithDebInfo|Win32.ActiveCfg = RelWithDebInfo|Win32
		{BCC28AE5-B7BF-3F69-ACC0-44BF3860AAEE}.RelWithDebInfo|Win32.Build.0 = RelWithDebInfo|Win32
		{43C245EC-2391-3B37-8B6B-B98A6462D22A}.Debug|Win32.ActiveCfg = Debug|Win32
		{43C245EC-2391-3B37-8B6B-B98A6462D22A}.Debug|Win32.Build.0 = Debug|Win32
		{43C245EC-2391-3B37-8B6B-B98A6462D22A}.Release|Win32.ActiveCfg = Release|Win32
		{43C245EC-2391-3B37-8B6B-B98A6462D22A}.Release|Win32.Build.0 = Release|Win32
		{43C245EC-2391-3B37-8B6B-B98A6462D22A}.MinSizeRel|Win32.ActiveCfg = MinSizeRel|Win32
		{43C245EC-2391-3B37-8B6B-B98A6462D22A}.MinSizeRel|Win32.Build.0 = MinSizeRel|Win32
		{43C245EC-2391-3B37-8B6B-B98A6462D22A}.RelWithDebInfo|Win32.ActiveCfg = RelWithDebInfo|Win32
		{43C245EC-2391-3B37-8B6B-B98A6462D22A}.RelWithDebInfo|Win32.Build.0 = RelWithDebInfo|Win32
		{35DCECE8-D2F7-345B-A862-0B82D8847B3D}.Debug|Win32.ActiveCfg = Debug|Win32
		{35DCECE8-D2F7-345B-A862-0B82D8847B3D}.Debug|Win32.Build.0 = Debug|Win32
		{35DCECE8-D2F7-345B-A862-0B82D8847B3D}.Release|Win32.ActiveCfg = Release|Win32
		{35DCECE8-D2F7-345B-A862-0B82D8847B3D}.Release|Win32.Build.0 = Release|Win32
		{35DCECE8-D2F7-345B-A862-0B82D8847B3D}.MinSizeRel|Win32.ActiveCfg = MinSizeRel|Win32
		{35DCECE8-D2F7-345B-A862-0B82D8847B3D}.MinSizeRel|Win32.Build.0 = MinSizeRel|Win32
		{35DCECE8-D2F7-345B-A862-0B82D8847B3D}.RelWithDebInfo|Win32.ActiveCfg = RelWithDebInfo|Win32
		{35DCECE8-D2F7-345B-A862-0B82D8847B3D}.RelWithDebInfo|Win32.Build.0 = RelWithDebInfo|Win32
		{5A976E45-5EEC-3994-A63E-84160E358D42}.Debug|Win32.ActiveCfg = Debug|Win32
		{5A976E45-5EEC-3994-A63E-84160E358D42}.Debug|Win32.Build.0 = Debug|Win32
		{5A976E45-5EEC-3994-A63E-84160E358D42}.Release|Win32.ActiveCfg = Release|Win32
		{5A976E45-5EEC-3994-A63E-84160E358D42}.Release|Win32.Build.0 = Release|Win32
		{5A976E45-5EEC-3994-A63E-84160E358D42}.MinSizeRel|Win32.ActiveCfg = MinSizeRel|Win32
		{5A976E45-5EEC-3994-A63E-84160E358D42}.MinSizeRel|Win32.Build.0 = MinSizeRel|Win32
		{5A976E45-5EEC-3994-A63E-84160E358D42}.RelWithDebInfo|Win32.ActiveCfg = RelWithDebInfo|Win32
		{5A976E45-5EEC-3994-A63E-84160E358D42}.RelWithDebInfo|Win32.Build.0 = RelWithDebInfo|Win32
		{77275F4E-2A53-3255-A752-69EC29483979}.Debug|Win32.ActiveCfg = Debug|Win32
		{77275F4E-2A53-3255-A752-69EC29483979}.Debug|Win32.Build.0 = Debug|Win32
		{77275F4E-2A53-3255-A752-69EC29483979}.Release|Win32.ActiveCfg = Release|Win32
		{77275F4E-2A53-3255-A752-69EC29483979}.Release|Win32.Build.0 = Release|Win32
		{77275F4E-2A53-3255-A752-69EC29483979}.MinSizeRel|Win32.ActiveCfg = MinSizeRel|Win32
		{77275F4E-2A53-3255-A752-69EC29483979}.MinSizeRel|Win32.Build.0 = MinSizeRel|Win32
		{77275F4E-2A53-3255-A752-69EC29483979}.RelWithDebInfo|Win32.ActiveCfg = RelWithDebInfo|Win32
		{77275F4E-2A53-3255-A752-69EC29483979}.RelWithDebInfo|Win32.Build.0 = RelWithDebInfo|Win32
		{63FDA668-E17B-3DDA-95B2-5EDD57105E48}.Debug|Win32.ActiveCfg = Debug|Win32
		{63FDA668-E17B-3DDA-95B2-5EDD57105E48}.Debug|Win32.Build.0 = Debug|Win32
		{63FDA668-E17B-3DDA-95B2-5EDD57105E48}.Release|Win32.ActiveCfg = Release|Win32
		{63FDA668-E17B-3DDA-95B2-5EDD57105E48}.Release|Win32.Build.0 = Release|Win32
		{63FDA668-E17B-3DDA-95B2-5EDD57105E48}.MinSizeRel|Win32.ActiveCfg = MinSizeRel|Win32
		{63FDA668-E17B-3DDA-95B2-5EDD57105E48}.MinSizeRel|Win32.Build.0 = MinSizeRel|Win32
		{63FDA668-E17B-3DDA-95B2-5EDD57105E48}.RelWithDebInfo|Win32.ActiveCfg = RelWithDebInfo|Win32
		{63FDA668-E17B-3DDA-95B2-5EDD57105E48}.RelWithDebInfo|Win32.Build.0 = RelWithDebInfo|Win32
		{12EEF420-63E7-3261-91B7-3AB70F59D0F4}.Debug|Win32.ActiveCfg = Debug|Win32
		{12EEF420-63E7-3261-91B7-3AB70F59D0F4}.Debug|Win32.Build.0 = Debug|Win32
		{12EEF420-63E7-3261-91B7-3AB70F59D0F4}.Release|Win32.ActiveCfg = Release|Win32
		{12EEF420-63E7-3261-91B7-3AB70F59D0F4}.Release|Win32.Build.0 = Release|Win32
		{12EEF420-63E7-3261-91B7-3AB70F59D0F4}.MinSizeRel|Win32.ActiveCfg = MinSizeRel|Win32
		{12EEF420-63E7-3261-91B7-3AB70F59D0F4}.MinSizeRel|Win32.Build.0 = MinSizeRel|Win32
		{12EEF420-63E7-3261-91B7-3AB70F59D0F4}.RelWithDebInfo|Win32.ActiveCfg = RelWithDebInfo|Win32
		{12EEF420-63E7-3261-91B7-3AB70F59D0F4}.RelWithDebInfo|Win32.Build.0 = RelWithDebInfo|Win32
		{645D966D-9D89-3C45-9868-CA245B17A090}.Debug|Win32.ActiveCfg = Debug|Win32
		{645D966D-9D89-3C45-9868-CA245B17A090}.Debug|Win32.Build.0 = Debug|Win32
		{645D966D-9D89-3C45-9868-CA245B17A090}.Release|Win32.ActiveCfg = Release|Win32
		{645D966D-9D89-3C45-9868-CA245B17A090}.Release|Win32.Build.0 = Release|Win32
		{645D966D-9D89-3C45-9868-CA245B17A090}.MinSizeRel|Win32.ActiveCfg = MinSizeRel|Win32
		{645D966D-9D89-3C45-9868-CA245B17A090}.MinSizeRel|Win32.Build.0 = MinSizeRel|Win32
		{645D966D-9D89-3C45-9868-CA245B17A090}.RelWithDebInfo|Win32.ActiveCfg = RelWithDebInfo|Win32
		{645D966D-9D89-3C45-9868-CA245B17A090}.RelWithDebInfo|Win32.Build.0 = RelWithDebInfo|Win32
	EndGlobalSection
	GlobalSection(NestedProjects) = preSolution
		{B544F2AB-687B-3C16-A912-88C1822EF67F} = {CE068784-2923-3445-811C-6A8D1BC7F056}
		{2747FE95-6189-366C-93E9-FF120275929D} = {CE068784-2923-3445-811C-6A8D1BC7F056}
		{1AD584E5-2FEB-3574-B15A-3614975CC34D} = {CE068784-2923-3445-811C-6A8D1BC7F056}
		{389104F9-2406-33D3-8880-89C0E17B99E4} = {071CF685-5069-3704-84E1-8BF6DDE68914}
		{F3648190-A118-32C5-85D0-CB893332D33F} = {071CF685-5069-3704-84E1-8BF6DDE68914}
		{4BBBAB1E-822B-395E-8717-75BAE194EC97} = {071CF685-5069-3704-84E1-8BF6DDE68914}
		{06AE9462-FD74-3BD3-B83B-C0B0E630506D} = {071CF685-5069-3704-84E1-8BF6DDE68914}
		{0D76E6C6-AB32-3A92-815A-F3685D90727C} = {071CF685-5069-3704-84E1-8BF6DDE68914}
		{4A110A94-E47D-39C7-AD84-0EB0F7AE3C0C} = {071CF685-5069-3704-84E1-8BF6DDE68914}
		{BE1E9A4E-C281-305C-BCB1-ADDC8DD3C4E7} = {5C939BA4-F70F-3A6A-A124-A74106924A73}
		{77BD17C4-C561-3FB6-832A-4F6B2CE4BBE8} = {5C939BA4-F70F-3A6A-A124-A74106924A73}
		{75170F58-76D2-3FA2-AA92-530EA5CF3E65} = {5C939BA4-F70F-3A6A-A124-A74106924A73}
		{AFBA42B4-CCB2-3276-98C8-EDE4E5179319} = {5C939BA4-F70F-3A6A-A124-A74106924A73}
		{B48FF4CC-8248-3F11-A5C8-435C0AD5A7DD} = {5C939BA4-F70F-3A6A-A124-A74106924A73}
		{D952E611-3FF3-3A57-B2DE-CEAEF408531E} = {5C939BA4-F70F-3A6A-A124-A74106924A73}
		{BF2F3E7C-FB9C-3223-A066-479D3D22FE7F} = {5C939BA4-F70F-3A6A-A124-A74106924A73}
		{8D39F643-CDAB-3D30-BC86-658A25B04BB4} = {5C939BA4-F70F-3A6A-A124-A74106924A73}
		{9DA6697F-D8D6-30B4-8F37-0DCA81892331} = {5C939BA4-F70F-3A6A-A124-A74106924A73}
		{C50DB50A-BF23-3164-9DC9-73B4DB946443} = {5C939BA4-F70F-3A6A-A124-A74106924A73}
		{2F184E34-FBC8-35B0-951F-7FADB663FF3E} = {5C939BA4-F70F-3A6A-A124-A74106924A73}
		{BCC28AE5-B7BF-3F69-ACC0-44BF3860AAEE} = {5C939BA4-F70F-3A6A-A124-A74106924A73}
		{43C245EC-2391-3B37-8B6B-B98A6462D22A} = {5C939BA4-F70F-3A6A-A124-A74106924A73}
		{35DCECE8-D2F7-345B-A862-0B82D8847B3D} = {5C939BA4-F70F-3A6A-A124-A74106924A73}
		{5A976E45-5EEC-3994-A63E-84160E358D42} = {5C939BA4-F70F-3A6A-A124-A74106924A73}
		{77275F4E-2A53-3255-A752-69EC29483979} = {5C939BA4-F70F-3A6A-A124-A74106924A73}
		{63FDA668-E17B-3DDA-95B2-5EDD57105E48} = {5C939BA4-F70F-3A6A-A124-A74106924A73}
	EndGlobalSection
	GlobalSection(ExtensibilityGlobals) = postSolution
		SolutionGuid = {E6B90F80-7414-34F8-B7BD-8FB76A98BFF5}
	EndGlobalSection
	GlobalSection(ExtensibilityAddIns) = postSolution
	EndGlobalSection
EndGlobal
