<?xml version="1.0" encoding="UTF-8"?>
<Project ToolsVersion="15.0" xmlns="http://schemas.microsoft.com/developer/msbuild/2003">
  <ItemGroup>
    <CustomBuild Include="E:\Repositories\ZLMediaKit\CMakeFiles\8bce43ea642a40b7dd90d889c0a1c4c2\INSTALL_force.rule">
      <Filter>CMake Rules</Filter>
    </CustomBuild>
  </ItemGroup>
  <ItemGroup>
    <Filter Include="CMake Rules">
      <UniqueIdentifier>{CB774B47-CBAB-3EE1-89CB-4D9C0E1D9C78}</UniqueIdentifier>
    </Filter>
  </ItemGroup>
</Project>
