<?xml version="1.0" encoding="UTF-8"?>
<Project ToolsVersion="15.0" xmlns="http://schemas.microsoft.com/developer/msbuild/2003">
  <ItemGroup>
    <ClCompile Include="E:\Repositories\ZLMediaKit\srt\Ack.cpp">
      <Filter>Source Files</Filter>
    </ClCompile>
    <ClCompile Include="E:\Repositories\ZLMediaKit\srt\Crypto.cpp">
      <Filter>Source Files</Filter>
    </ClCompile>
    <ClCompile Include="E:\Repositories\ZLMediaKit\srt\HSExt.cpp">
      <Filter>Source Files</Filter>
    </ClCompile>
    <ClCompile Include="E:\Repositories\ZLMediaKit\srt\NackContext.cpp">
      <Filter>Source Files</Filter>
    </ClCompile>
    <ClCompile Include="E:\Repositories\ZLMediaKit\srt\Packet.cpp">
      <Filter>Source Files</Filter>
    </ClCompile>
    <ClCompile Include="E:\Repositories\ZLMediaKit\srt\PacketQueue.cpp">
      <Filter>Source Files</Filter>
    </ClCompile>
    <ClCompile Include="E:\Repositories\ZLMediaKit\srt\PacketSendQueue.cpp">
      <Filter>Source Files</Filter>
    </ClCompile>
    <ClCompile Include="E:\Repositories\ZLMediaKit\srt\SrtSession.cpp">
      <Filter>Source Files</Filter>
    </ClCompile>
    <ClCompile Include="E:\Repositories\ZLMediaKit\srt\SrtTransport.cpp">
      <Filter>Source Files</Filter>
    </ClCompile>
    <ClCompile Include="E:\Repositories\ZLMediaKit\srt\SrtTransportImp.cpp">
      <Filter>Source Files</Filter>
    </ClCompile>
    <ClCompile Include="E:\Repositories\ZLMediaKit\srt\Statistic.cpp">
      <Filter>Source Files</Filter>
    </ClCompile>
  </ItemGroup>
  <ItemGroup>
    <ClInclude Include="E:\Repositories\ZLMediaKit\srt\Ack.hpp">
      <Filter>Header Files</Filter>
    </ClInclude>
    <ClInclude Include="E:\Repositories\ZLMediaKit\srt\Common.hpp">
      <Filter>Header Files</Filter>
    </ClInclude>
    <ClInclude Include="E:\Repositories\ZLMediaKit\srt\Crypto.hpp">
      <Filter>Header Files</Filter>
    </ClInclude>
    <ClInclude Include="E:\Repositories\ZLMediaKit\srt\HSExt.hpp">
      <Filter>Header Files</Filter>
    </ClInclude>
    <ClInclude Include="E:\Repositories\ZLMediaKit\srt\NackContext.hpp">
      <Filter>Header Files</Filter>
    </ClInclude>
    <ClInclude Include="E:\Repositories\ZLMediaKit\srt\Packet.hpp">
      <Filter>Header Files</Filter>
    </ClInclude>
    <ClInclude Include="E:\Repositories\ZLMediaKit\srt\PacketQueue.hpp">
      <Filter>Header Files</Filter>
    </ClInclude>
    <ClInclude Include="E:\Repositories\ZLMediaKit\srt\PacketSendQueue.hpp">
      <Filter>Header Files</Filter>
    </ClInclude>
    <ClInclude Include="E:\Repositories\ZLMediaKit\srt\SrtSession.hpp">
      <Filter>Header Files</Filter>
    </ClInclude>
    <ClInclude Include="E:\Repositories\ZLMediaKit\srt\SrtTransport.hpp">
      <Filter>Header Files</Filter>
    </ClInclude>
    <ClInclude Include="E:\Repositories\ZLMediaKit\srt\SrtTransportImp.hpp">
      <Filter>Header Files</Filter>
    </ClInclude>
    <ClInclude Include="E:\Repositories\ZLMediaKit\srt\Statistic.hpp">
      <Filter>Header Files</Filter>
    </ClInclude>
  </ItemGroup>
  <ItemGroup>
    <CustomBuild Include="E:\Repositories\ZLMediaKit\srt\CMakeLists.txt" />
  </ItemGroup>
  <ItemGroup>
    <Filter Include="Source Files">
      <UniqueIdentifier>{1D746E27-6487-3E6A-955D-70B1B6B40850}</UniqueIdentifier>
    </Filter>
    <Filter Include="Header Files">
      <UniqueIdentifier>{A7F8B558-FEFB-3D9E-A47C-4345669BCF90}</UniqueIdentifier>
    </Filter>
  </ItemGroup>
</Project>
