<?xml version="1.0" encoding="UTF-8"?>
<Project ToolsVersion="15.0" xmlns="http://schemas.microsoft.com/developer/msbuild/2003">
  <ItemGroup>
    <ClCompile Include="E:\Repositories\ZLMediaKit\api\source\mk_common.cpp">
      <Filter>Source Files</Filter>
    </ClCompile>
    <ClCompile Include="E:\Repositories\ZLMediaKit\api\source\mk_events.cpp">
      <Filter>Source Files</Filter>
    </ClCompile>
    <ClCompile Include="E:\Repositories\ZLMediaKit\api\source\mk_events_objects.cpp">
      <Filter>Source Files</Filter>
    </ClCompile>
    <ClCompile Include="E:\Repositories\ZLMediaKit\api\source\mk_frame.cpp">
      <Filter>Source Files</Filter>
    </ClCompile>
    <ClCompile Include="E:\Repositories\ZLMediaKit\api\source\mk_h264_splitter.cpp">
      <Filter>Source Files</Filter>
    </ClCompile>
    <ClCompile Include="E:\Repositories\ZLMediaKit\api\source\mk_httpclient.cpp">
      <Filter>Source Files</Filter>
    </ClCompile>
    <ClCompile Include="E:\Repositories\ZLMediaKit\api\source\mk_media.cpp">
      <Filter>Source Files</Filter>
    </ClCompile>
    <ClCompile Include="E:\Repositories\ZLMediaKit\api\source\mk_player.cpp">
      <Filter>Source Files</Filter>
    </ClCompile>
    <ClCompile Include="E:\Repositories\ZLMediaKit\api\source\mk_proxyplayer.cpp">
      <Filter>Source Files</Filter>
    </ClCompile>
    <ClCompile Include="E:\Repositories\ZLMediaKit\api\source\mk_pusher.cpp">
      <Filter>Source Files</Filter>
    </ClCompile>
    <ClCompile Include="E:\Repositories\ZLMediaKit\api\source\mk_recorder.cpp">
      <Filter>Source Files</Filter>
    </ClCompile>
    <ClCompile Include="E:\Repositories\ZLMediaKit\api\source\mk_rtp_server.cpp">
      <Filter>Source Files</Filter>
    </ClCompile>
    <ClCompile Include="E:\Repositories\ZLMediaKit\api\source\mk_tcp.cpp">
      <Filter>Source Files</Filter>
    </ClCompile>
    <ClCompile Include="E:\Repositories\ZLMediaKit\api\source\mk_thread.cpp">
      <Filter>Source Files</Filter>
    </ClCompile>
    <ClCompile Include="E:\Repositories\ZLMediaKit\api\source\mk_track.cpp">
      <Filter>Source Files</Filter>
    </ClCompile>
    <ClCompile Include="E:\Repositories\ZLMediaKit\api\source\mk_transcode.cpp">
      <Filter>Source Files</Filter>
    </ClCompile>
    <ClCompile Include="E:\Repositories\ZLMediaKit\api\source\mk_util.cpp">
      <Filter>Source Files</Filter>
    </ClCompile>
  </ItemGroup>
  <ItemGroup>
    <ClInclude Include="E:\Repositories\ZLMediaKit\api\include\mk_common.h">
      <Filter>Header Files</Filter>
    </ClInclude>
    <ClInclude Include="E:\Repositories\ZLMediaKit\api\include\mk_events.h">
      <Filter>Header Files</Filter>
    </ClInclude>
    <ClInclude Include="E:\Repositories\ZLMediaKit\api\include\mk_events_objects.h">
      <Filter>Header Files</Filter>
    </ClInclude>
    <ClInclude Include="E:\Repositories\ZLMediaKit\api\include\mk_frame.h">
      <Filter>Header Files</Filter>
    </ClInclude>
    <ClInclude Include="E:\Repositories\ZLMediaKit\api\include\mk_h264_splitter.h">
      <Filter>Header Files</Filter>
    </ClInclude>
    <ClInclude Include="E:\Repositories\ZLMediaKit\api\include\mk_httpclient.h">
      <Filter>Header Files</Filter>
    </ClInclude>
    <ClInclude Include="E:\Repositories\ZLMediaKit\api\include\mk_media.h">
      <Filter>Header Files</Filter>
    </ClInclude>
    <ClInclude Include="E:\Repositories\ZLMediaKit\api\include\mk_mediakit.h">
      <Filter>Header Files</Filter>
    </ClInclude>
    <ClInclude Include="E:\Repositories\ZLMediaKit\api\include\mk_player.h">
      <Filter>Header Files</Filter>
    </ClInclude>
    <ClInclude Include="E:\Repositories\ZLMediaKit\api\include\mk_proxyplayer.h">
      <Filter>Header Files</Filter>
    </ClInclude>
    <ClInclude Include="E:\Repositories\ZLMediaKit\api\include\mk_pusher.h">
      <Filter>Header Files</Filter>
    </ClInclude>
    <ClInclude Include="E:\Repositories\ZLMediaKit\api\include\mk_recorder.h">
      <Filter>Header Files</Filter>
    </ClInclude>
    <ClInclude Include="E:\Repositories\ZLMediaKit\api\include\mk_rtp_server.h">
      <Filter>Header Files</Filter>
    </ClInclude>
    <ClInclude Include="E:\Repositories\ZLMediaKit\api\include\mk_tcp.h">
      <Filter>Header Files</Filter>
    </ClInclude>
    <ClInclude Include="E:\Repositories\ZLMediaKit\api\include\mk_thread.h">
      <Filter>Header Files</Filter>
    </ClInclude>
    <ClInclude Include="E:\Repositories\ZLMediaKit\api\include\mk_track.h">
      <Filter>Header Files</Filter>
    </ClInclude>
    <ClInclude Include="E:\Repositories\ZLMediaKit\api\include\mk_transcode.h">
      <Filter>Header Files</Filter>
    </ClInclude>
    <ClInclude Include="E:\Repositories\ZLMediaKit\api\include\mk_util.h">
      <Filter>Header Files</Filter>
    </ClInclude>
    <ClInclude Include="E:\Repositories\ZLMediaKit\api\source\mk_tcp_private.h">
      <Filter>Header Files</Filter>
    </ClInclude>
  </ItemGroup>
  <ItemGroup>
    <CustomBuild Include="E:\Repositories\ZLMediaKit\api\CMakeLists.txt" />
  </ItemGroup>
  <ItemGroup>
    <ResourceCompile Include="E:\Repositories\ZLMediaKit\resource.rc">
      <Filter>Source Files</Filter>
    </ResourceCompile>
  </ItemGroup>
  <ItemGroup>
    <Filter Include="Source Files">
      <UniqueIdentifier>{1D746E27-6487-3E6A-955D-70B1B6B40850}</UniqueIdentifier>
    </Filter>
    <Filter Include="Header Files">
      <UniqueIdentifier>{A7F8B558-FEFB-3D9E-A47C-4345669BCF90}</UniqueIdentifier>
    </Filter>
  </ItemGroup>
</Project>
